
Microsoft Visual Studio Solution File, Format Version 12.00
# Visual Studio Version 17
VisualStudioVersion = 17.2.32630.192
MinimumVisualStudioVersion = 10.0.40219.1
Project("{9A19103F-16F7-4668-BE54-9A1E7A4F7556}") = "R5T.F0093.Construction", "R5T.F0093.Construction\R5T.F0093.Construction.csproj", "{2239FD50-6745-4C8F-AB14-446D1FE49BAF}"
EndProject
Project("{9A19103F-16F7-4668-BE54-9A1E7A4F7556}") = "R5T.F0093", "R5T.F0093\R5T.F0093.csproj", "{E244AFE6-0F2E-4570-B5F2-23988301336A}"
EndProject
Project("{2150E333-8FDC-42A3-9474-1A3956D46DE8}") = "_Dependencies", "_Dependencies", "{DE9884E4-3622-4809-82F9-FAD568F76350}"
EndProject
Project("{9A19103F-16F7-4668-BE54-9A1E7A4F7556}") = "R5T.F0000", "..\..\R5T.F0000\source\R5T.F0000\R5T.F0000.csproj", "{E9F2E809-14B1-4E6E-BCC2-F9965230000E}"
EndProject
Project("{9A19103F-16F7-4668-BE54-9A1E7A4F7556}") = "R5T.F0002", "..\..\R5T.F0002\source\R5T.F0002\R5T.F0002.csproj", "{6B8B2AC5-0E1E-44EE-AAE5-C7F4BDD27266}"
EndProject
Project("{9A19103F-16F7-4668-BE54-9A1E7A4F7556}") = "R5T.F0016.F001", "..\..\R5T.F0016\source\R5T.F0016.F001\R5T.F0016.F001.csproj", "{DFBA6335-52E4-43EA-A765-F7BFF1323D00}"
EndProject
Project("{9A19103F-16F7-4668-BE54-9A1E7A4F7556}") = "R5T.F0016", "..\..\R5T.F0016\source\R5T.F0016\R5T.F0016.csproj", "{2F354AFD-D2BB-4370-845B-406201CC0A07}"
EndProject
Project("{9A19103F-16F7-4668-BE54-9A1E7A4F7556}") = "R5T.F0020", "..\..\R5T.F0020\source\R5T.F0020\R5T.F0020.csproj", "{E2AD5307-AF77-452B-9E87-4A93AE6BC36D}"
EndProject
Project("{9A19103F-16F7-4668-BE54-9A1E7A4F7556}") = "R5T.F0024.F001", "..\..\R5T.F0024\source\R5T.F0024.F001\R5T.F0024.F001.csproj", "{E3BC11E6-FA7D-412B-A978-9B63FC5E54EA}"
EndProject
Project("{9A19103F-16F7-4668-BE54-9A1E7A4F7556}") = "R5T.F0024.T001", "..\..\R5T.F0024\source\R5T.F0024.T001\R5T.F0024.T001.csproj", "{D630B308-33D6-4399-AC05-815CC3F4D3E6}"
EndProject
Project("{9A19103F-16F7-4668-BE54-9A1E7A4F7556}") = "R5T.F0024", "..\..\R5T.F0024\source\R5T.F0024\R5T.F0024.csproj", "{9936040B-EE41-4D63-A040-4E3DBABBB12F}"
EndProject
Project("{9A19103F-16F7-4668-BE54-9A1E7A4F7556}") = "R5T.F0028", "..\..\R5T.F0028\source\R5T.F0028\R5T.F0028.csproj", "{76696B77-8484-465D-B1E6-1D0C98CD705A}"
EndProject
Project("{9A19103F-16F7-4668-BE54-9A1E7A4F7556}") = "R5T.F0032", "..\..\R5T.F0032\source\R5T.F0032\R5T.F0032.csproj", "{C24762E4-764F-4388-8308-0C2E82F0BE6C}"
EndProject
Project("{9A19103F-16F7-4668-BE54-9A1E7A4F7556}") = "R5T.F0040.F000", "..\..\R5T.F0040\source\R5T.F0040.F000\R5T.F0040.F000.csproj", "{3B6815CD-8181-491E-BC2D-2759C41DA6BB}"
EndProject
Project("{9A19103F-16F7-4668-BE54-9A1E7A4F7556}") = "R5T.F0041", "..\..\R5T.F0041\source\R5T.F0041\R5T.F0041.csproj", "{F7913180-E860-4EF5-9661-BE5C2559A3C5}"
EndProject
Project("{9A19103F-16F7-4668-BE54-9A1E7A4F7556}") = "R5T.F0042.F001", "..\..\R5T.F0042\source\R5T.F0042.F001\R5T.F0042.F001.csproj", "{65F4D1CF-908B-49C8-9164-C4D7252C8E3D}"
EndProject
Project("{9A19103F-16F7-4668-BE54-9A1E7A4F7556}") = "R5T.F0042.F002", "..\..\R5T.F0042\source\R5T.F0042.F002\R5T.F0042.F002.csproj", "{6539A432-181C-4771-8ADE-ADA1EA15F033}"
EndProject
Project("{9A19103F-16F7-4668-BE54-9A1E7A4F7556}") = "R5T.F0042", "..\..\R5T.F0042\source\R5T.F0042\R5T.F0042.csproj", "{4F65D9A4-4A4E-4549-8538-C736C741F519}"
EndProject
Project("{9A19103F-16F7-4668-BE54-9A1E7A4F7556}") = "R5T.F0044", "..\..\R5T.F0044\source\R5T.F0044\R5T.F0044.csproj", "{E4C4C3E4-C917-435C-A9D3-7C170724CB67}"
EndProject
Project("{9A19103F-16F7-4668-BE54-9A1E7A4F7556}") = "R5T.F0046", "..\..\R5T.F0046\source\R5T.F0046\R5T.F0046.csproj", "{5DA57B39-A0F4-4EFC-9FEC-15D2C147F451}"
EndProject
Project("{9A19103F-16F7-4668-BE54-9A1E7A4F7556}") = "R5T.F0047", "..\..\R5T.F0047\source\R5T.F0047\R5T.F0047.csproj", "{76F80671-B435-468C-BE8B-563EAAD3EAD3}"
EndProject
Project("{9A19103F-16F7-4668-BE54-9A1E7A4F7556}") = "R5T.F0048", "..\..\R5T.F0048\source\R5T.F0048\R5T.F0048.csproj", "{E2DC7BEE-016B-45FF-8D8D-13C409DC3B55}"
EndProject
Project("{9A19103F-16F7-4668-BE54-9A1E7A4F7556}") = "R5T.F0050", "..\..\R5T.F0050\source\R5T.F0050\R5T.F0050.csproj", "{2EBCEF12-6B54-428A-9AEF-AF215707A299}"
EndProject
Project("{9A19103F-16F7-4668-BE54-9A1E7A4F7556}") = "R5T.F0052", "..\..\R5T.F0052\source\R5T.F0052\R5T.F0052.csproj", "{5ECD3B5D-7BAE-4EEB-93AD-BB8E39D8BE60}"
EndProject
Project("{9A19103F-16F7-4668-BE54-9A1E7A4F7556}") = "R5T.F0053", "..\..\R5T.F0053\source\R5T.F0053\R5T.F0053.csproj", "{9B27D4DA-4673-47DA-97B3-9E06735A5207}"
EndProject
Project("{9A19103F-16F7-4668-BE54-9A1E7A4F7556}") = "R5T.F0054", "..\..\R5T.F0054\source\R5T.F0054\R5T.F0054.csproj", "{52066648-8464-42EE-AB0F-E9F01D22C912}"
EndProject
Project("{9A19103F-16F7-4668-BE54-9A1E7A4F7556}") = "R5T.F0055", "..\..\R5T.F0055\source\R5T.F0055\R5T.F0055.csproj", "{D522308B-DA6E-4F59-8356-C91B64395234}"
EndProject
Project("{9A19103F-16F7-4668-BE54-9A1E7A4F7556}") = "R5T.F0057", "..\..\R5T.F0057\source\R5T.F0057\R5T.F0057.csproj", "{9E844B82-20E0-40E2-B700-76E84DFF88DE}"
EndProject
Project("{9A19103F-16F7-4668-BE54-9A1E7A4F7556}") = "R5T.F0059", "..\..\R5T.F0059\source\R5T.F0059\R5T.F0059.csproj", "{C9ECCB6A-9768-4342-AAEC-2F7DA5CA9365}"
EndProject
Project("{9A19103F-16F7-4668-BE54-9A1E7A4F7556}") = "R5T.F0063.F001", "..\..\R5T.F0063\source\R5T.F0063.F001\R5T.F0063.F001.csproj", "{2E49A950-E32C-4335-8451-B21FC1CF987B}"
EndProject
Project("{9A19103F-16F7-4668-BE54-9A1E7A4F7556}") = "R5T.F0063", "..\..\R5T.F0063\source\R5T.F0063\R5T.F0063.csproj", "{3FEF44AC-5010-4515-B8A7-D2A9C2F19CBD}"
EndProject
Project("{9A19103F-16F7-4668-BE54-9A1E7A4F7556}") = "R5T.F0078", "..\..\R5T.F0078\source\R5T.F0078\R5T.F0078.csproj", "{B060357C-8BD1-4326-9C5A-69EBADB2245B}"
EndProject
Project("{9A19103F-16F7-4668-BE54-9A1E7A4F7556}") = "R5T.F0080", "..\..\R5T.F0080\source\R5T.F0080\R5T.F0080.csproj", "{18FAD309-44FE-4F55-B142-899DD3B34FBB}"
EndProject
Project("{9A19103F-16F7-4668-BE54-9A1E7A4F7556}") = "R5T.F0081", "..\..\R5T.F0081\source\R5T.F0081\R5T.F0081.csproj", "{2E6EDB47-1AF8-40B9-B0D9-9F1A4A76E2C7}"
EndProject
Project("{9A19103F-16F7-4668-BE54-9A1E7A4F7556}") = "R5T.F0083.R001", "..\..\R5T.F0083\source\R5T.F0083.R001\R5T.F0083.R001.csproj", "{EEA3A34A-3507-4D58-A168-F9AF30EFD114}"
EndProject
Project("{9A19103F-16F7-4668-BE54-9A1E7A4F7556}") = "R5T.F0083", "..\..\R5T.F0083\source\R5T.F0083\R5T.F0083.csproj", "{868EA320-CB8D-47BA-B4F0-DE5882177267}"
EndProject
Project("{9A19103F-16F7-4668-BE54-9A1E7A4F7556}") = "R5T.F0084", "..\..\R5T.F0084\source\R5T.F0084\R5T.F0084.csproj", "{89278AB3-B410-4399-90AE-5CD83571D42A}"
EndProject
Project("{9A19103F-16F7-4668-BE54-9A1E7A4F7556}") = "R5T.F0085", "..\..\R5T.F0085\source\R5T.F0085\R5T.F0085.csproj", "{EC871CB2-DFCB-41FD-A69F-77DD63B7BC2C}"
EndProject
Project("{9A19103F-16F7-4668-BE54-9A1E7A4F7556}") = "R5T.F0086", "..\..\R5T.F0086\source\R5T.F0086\R5T.F0086.csproj", "{1F04A2DB-5156-4438-BE9A-DF9DD8CA7753}"
EndProject
Project("{9A19103F-16F7-4668-BE54-9A1E7A4F7556}") = "R5T.F0087", "..\..\R5T.F0087\source\R5T.F0087\R5T.F0087.csproj", "{FF9FE932-F721-4FD4-B1D4-923EDBD25350}"
EndProject
Project("{9A19103F-16F7-4668-BE54-9A1E7A4F7556}") = "R5T.F0089", "..\..\R5T.F0089\source\R5T.F0089\R5T.F0089.csproj", "{B96D7D62-A3AE-4387-9A09-A1E5E05751E3}"
EndProject
Project("{9A19103F-16F7-4668-BE54-9A1E7A4F7556}") = "R5T.F0090", "..\..\R5T.F0090\source\R5T.F0090\R5T.F0090.csproj", "{D0D06AB7-4F48-4539-B70A-54F3F3001C12}"
EndProject
Project("{9A19103F-16F7-4668-BE54-9A1E7A4F7556}") = "R5T.F0091", "..\..\R5T.F0091\source\R5T.F0091\R5T.F0091.csproj", "{5EA244DF-2CCE-40C5-8898-C0C31CA4AA23}"
EndProject
Project("{9A19103F-16F7-4668-BE54-9A1E7A4F7556}") = "R5T.F0094", "..\..\R5T.F0094\source\R5T.F0094\R5T.F0094.csproj", "{A564F113-174D-4B2F-A411-46D7ABBB5911}"
EndProject
Project("{9A19103F-16F7-4668-BE54-9A1E7A4F7556}") = "R5T.F0095", "..\..\R5T.F0095\source\R5T.F0095\R5T.F0095.csproj", "{C789CCBF-7A8A-4B7E-920A-65218A6967EE}"
EndProject
Project("{9A19103F-16F7-4668-BE54-9A1E7A4F7556}") = "R5T.F0120", "..\..\R5T.F0120\source\R5T.F0120\R5T.F0120.csproj", "{19D04721-AED6-4FB0-A285-07164916529D}"
EndProject
Project("{9A19103F-16F7-4668-BE54-9A1E7A4F7556}") = "R5T.F0124", "..\..\R5T.F0124\source\R5T.F0124\R5T.F0124.csproj", "{FC9897BD-8062-4692-BA82-6B751C3100BE}"
EndProject
Project("{9A19103F-16F7-4668-BE54-9A1E7A4F7556}") = "R5T.F0144", "..\..\R5T.F0144\source\R5T.F0144\R5T.F0144.csproj", "{727159D0-E1BC-4245-ACC5-25171CCB05B4}"
EndProject
Project("{9A19103F-16F7-4668-BE54-9A1E7A4F7556}") = "R5T.L0026.T000", "..\..\R5T.L0026\source\R5T.L0026.T000\R5T.L0026.T000.csproj", "{D237D75D-ED1E-47FE-8FB7-2CACEBA303F9}"
EndProject
Project("{9A19103F-16F7-4668-BE54-9A1E7A4F7556}") = "R5T.L0026", "..\..\R5T.L0026\source\R5T.L0026\R5T.L0026.csproj", "{1C487426-46B8-46B5-864D-90E7572FC81A}"
EndProject
Project("{9A19103F-16F7-4668-BE54-9A1E7A4F7556}") = "R5T.L0053", "..\..\R5T.L0053\source\R5T.L0053\R5T.L0053.csproj", "{EF215187-E09F-48F8-8049-585C1946EE33}"
EndProject
Project("{9A19103F-16F7-4668-BE54-9A1E7A4F7556}") = "R5T.L0066", "..\..\R5T.L0066\source\R5T.L0066\R5T.L0066.csproj", "{2F45C270-4E46-438E-8BEA-7D3A59B52630}"
EndProject
Project("{9A19103F-16F7-4668-BE54-9A1E7A4F7556}") = "R5T.L0071", "..\..\R5T.L0071\source\R5T.L0071\R5T.L0071.csproj", "{F5FBE6BA-1A22-429C-A428-CC7456EC72B7}"
EndProject
Project("{9A19103F-16F7-4668-BE54-9A1E7A4F7556}") = "R5T.L0072", "..\..\R5T.L0072\source\R5T.L0072\R5T.L0072.csproj", "{60CD6E11-F6F6-447C-9B26-B02554B1B8D4}"
EndProject
Project("{9A19103F-16F7-4668-BE54-9A1E7A4F7556}") = "R5T.L0083.F001", "..\..\R5T.L0083\source\R5T.L0083.F001\R5T.L0083.F001.csproj", "{9F974F4F-EBB4-49A2-AA3F-F7D2A3AE361F}"
EndProject
Project("{9A19103F-16F7-4668-BE54-9A1E7A4F7556}") = "R5T.L0089.F000", "..\..\R5T.L0089\source\R5T.L0089.F000\R5T.L0089.F000.csproj", "{7795460F-B5D9-402D-A9A8-A0669ED340E0}"
EndProject
Project("{9A19103F-16F7-4668-BE54-9A1E7A4F7556}") = "R5T.L0089.T000", "..\..\R5T.L0089\source\R5T.L0089.T000\R5T.L0089.T000.csproj", "{6A697CCD-7439-4907-8CA3-94063C11DACD}"
EndProject
Project("{9A19103F-16F7-4668-BE54-9A1E7A4F7556}") = "R5T.L0089", "..\..\R5T.L0089\source\R5T.L0089\R5T.L0089.csproj", "{E32B2D5E-9C7B-4A37-93D1-8EEB57BA22A1}"
EndProject
Project("{9A19103F-16F7-4668-BE54-9A1E7A4F7556}") = "R5T.NG0002", "..\..\R5T.NG0002\source\R5T.NG0002\R5T.NG0002.csproj", "{56D2E263-7CF1-4069-8B10-57BC277719E4}"
EndProject
Project("{9A19103F-16F7-4668-BE54-9A1E7A4F7556}") = "R5T.NG0005", "..\..\R5T.NG0005\source\R5T.NG0005\R5T.NG0005.csproj", "{A36A52A1-64BC-4311-95F6-E66B108F5800}"
EndProject
Project("{9A19103F-16F7-4668-BE54-9A1E7A4F7556}") = "R5T.NG0006", "..\..\R5T.NG0006\source\R5T.NG0006\R5T.NG0006.csproj", "{78D8D760-38B6-4CE5-89D3-8D0C24491475}"
EndProject
Project("{9A19103F-16F7-4668-BE54-9A1E7A4F7556}") = "R5T.NG0008", "..\..\R5T.NG0008\source\R5T.NG0008\R5T.NG0008.csproj", "{2A941D2D-9842-4F90-8E08-A47D199D5C23}"
EndProject
Project("{9A19103F-16F7-4668-BE54-9A1E7A4F7556}") = "R5T.NG0009", "..\..\R5T.NG0009\source\R5T.NG0009\R5T.NG0009.csproj", "{223579B9-FCC6-46A2-B0B4-4C0EAA134EB6}"
EndProject
Project("{9A19103F-16F7-4668-BE54-9A1E7A4F7556}") = "R5T.NG0014", "..\..\R5T.NG0014\source\R5T.NG0014\R5T.NG0014.csproj", "{5F5A8F94-601D-420C-A9CA-532E0248EB69}"
EndProject
Project("{9A19103F-16F7-4668-BE54-9A1E7A4F7556}") = "R5T.NG0022", "..\..\R5T.NG0022\source\R5T.NG0022\R5T.NG0022.csproj", "{FFF53776-1C18-44C1-BB7C-8B75A5304C49}"
EndProject
Project("{9A19103F-16F7-4668-BE54-9A1E7A4F7556}") = "R5T.NG0023", "..\..\R5T.NG0023\source\R5T.NG0023\R5T.NG0023.csproj", "{31FEBC86-7B06-4E04-A7A6-D40CE88852E5}"
EndProject
Project("{9A19103F-16F7-4668-BE54-9A1E7A4F7556}") = "R5T.NG0024", "..\..\R5T.NG0024\source\R5T.NG0024\R5T.NG0024.csproj", "{ECCA1CD3-8FBB-47A4-932D-D4A7BC7280A9}"
EndProject
Project("{9A19103F-16F7-4668-BE54-9A1E7A4F7556}") = "R5T.T0046", "..\..\R5T.T0046\source\R5T.T0046\R5T.T0046.csproj", "{F28A9F2D-BB8F-4B55-BFB3-D5459AF1AC3E}"
EndProject
Project("{9A19103F-16F7-4668-BE54-9A1E7A4F7556}") = "R5T.T0131", "..\..\R5T.T0131\source\R5T.T0131\R5T.T0131.csproj", "{DF2EEE78-66BE-4444-8B37-15F1F02D0098}"
EndProject
Project("{9A19103F-16F7-4668-BE54-9A1E7A4F7556}") = "R5T.T0132", "..\..\R5T.T0132\source\R5T.T0132\R5T.T0132.csproj", "{CA483DDE-B804-46DF-8307-C3036607F1F6}"
EndProject
Project("{9A19103F-16F7-4668-BE54-9A1E7A4F7556}") = "R5T.T0142", "..\..\R5T.T0142\source\R5T.T0142\R5T.T0142.csproj", "{0A80A689-60E1-40AB-9B5C-45DFD1B0326A}"
EndProject
Project("{9A19103F-16F7-4668-BE54-9A1E7A4F7556}") = "R5T.T0143", "..\..\R5T.T0143\source\R5T.T0143\R5T.T0143.csproj", "{CAA85B1B-B9BC-4DE9-8C9D-6C1047D51A01}"
EndProject
Project("{9A19103F-16F7-4668-BE54-9A1E7A4F7556}") = "R5T.T0144", "..\..\R5T.T0144\source\R5T.T0144\R5T.T0144.csproj", "{CC2E6DF0-AC32-4346-98A6-A5240D42039F}"
EndProject
Project("{9A19103F-16F7-4668-BE54-9A1E7A4F7556}") = "R5T.T0152", "..\..\R5T.T0152\source\R5T.T0152\R5T.T0152.csproj", "{EE61BBBC-A13A-4C23-AA9F-9B6FD7D9F0D0}"
EndProject
Project("{9A19103F-16F7-4668-BE54-9A1E7A4F7556}") = "R5T.T0153.Z001", "..\..\R5T.T0153\source\R5T.T0153.Z001\R5T.T0153.Z001.csproj", "{2906E81A-98D2-4034-92AE-4556CAB63E98}"
EndProject
Project("{9A19103F-16F7-4668-BE54-9A1E7A4F7556}") = "R5T.T0153", "..\..\R5T.T0153\source\R5T.T0153\R5T.T0153.csproj", "{ED72EB1F-2960-4D7B-AC74-22AC0152B7CF}"
EndProject
Project("{9A19103F-16F7-4668-BE54-9A1E7A4F7556}") = "R5T.T0154", "..\..\R5T.T0154\source\R5T.T0154\R5T.T0154.csproj", "{57108BD5-E1C5-4F13-8082-FF8622C56474}"
EndProject
Project("{9A19103F-16F7-4668-BE54-9A1E7A4F7556}") = "R5T.T0156", "..\..\R5T.T0156\source\R5T.T0156\R5T.T0156.csproj", "{9F2AEB5C-16AB-4DE5-825D-07A0C2FB8469}"
EndProject
Project("{9A19103F-16F7-4668-BE54-9A1E7A4F7556}") = "R5T.T0174", "..\..\R5T.T0174\source\R5T.T0174\R5T.T0174.csproj", "{6324EB48-B3ED-472F-9D29-C4B22D665DCD}"
EndProject
Project("{9A19103F-16F7-4668-BE54-9A1E7A4F7556}") = "R5T.T0176", "..\..\R5T.T0176\source\R5T.T0176\R5T.T0176.csproj", "{3F0CADD8-74C4-4BF9-9068-9C21B48F198A}"
EndProject
Project("{9A19103F-16F7-4668-BE54-9A1E7A4F7556}") = "R5T.T0177", "..\..\R5T.T0177\source\R5T.T0177\R5T.T0177.csproj", "{B7BE851C-DF8E-4821-B0E4-EA0DD5BA92A8}"
EndProject
Project("{9A19103F-16F7-4668-BE54-9A1E7A4F7556}") = "R5T.T0178", "..\..\R5T.T0178\source\R5T.T0178\R5T.T0178.csproj", "{736D4337-F866-4AD8-91F5-ACE46DEC5A27}"
EndProject
Project("{9A19103F-16F7-4668-BE54-9A1E7A4F7556}") = "R5T.T0179", "..\..\R5T.T0179\source\R5T.T0179\R5T.T0179.csproj", "{8010BA1A-9566-4529-A479-0E1B69FFEC45}"
EndProject
Project("{9A19103F-16F7-4668-BE54-9A1E7A4F7556}") = "R5T.T0180", "..\..\R5T.T0180\source\R5T.T0180\R5T.T0180.csproj", "{94BFC849-7A8A-434C-8AA9-118717DFD216}"
EndProject
Project("{9A19103F-16F7-4668-BE54-9A1E7A4F7556}") = "R5T.T0181", "..\..\R5T.T0181\source\R5T.T0181\R5T.T0181.csproj", "{42C40407-81E1-4EF4-AD28-80A927437660}"
EndProject
Project("{9A19103F-16F7-4668-BE54-9A1E7A4F7556}") = "R5T.T0185", "..\..\R5T.T0185\source\R5T.T0185\R5T.T0185.csproj", "{34668313-12BB-49ED-B8FC-427AD15C4A4A}"
EndProject
Project("{9A19103F-16F7-4668-BE54-9A1E7A4F7556}") = "R5T.T0188", "..\..\R5T.T0188\source\R5T.T0188\R5T.T0188.csproj", "{C9E33FBD-929B-41D1-8E84-7D2DBFDDD861}"
EndProject
Project("{9A19103F-16F7-4668-BE54-9A1E7A4F7556}") = "R5T.T0199.T000", "..\..\R5T.T0199\source\R5T.T0199.T000\R5T.T0199.T000.csproj", "{9CFEFC26-CD94-4ED8-BFB7-51A5F95B6466}"
EndProject
Project("{9A19103F-16F7-4668-BE54-9A1E7A4F7556}") = "R5T.T0199.T001", "..\..\R5T.T0199\source\R5T.T0199.T001\R5T.T0199.T001.csproj", "{975AFEDD-A8BF-474B-ACAE-59EB24AE48AB}"
EndProject
Project("{9A19103F-16F7-4668-BE54-9A1E7A4F7556}") = "R5T.T0199", "..\..\R5T.T0199\source\R5T.T0199\R5T.T0199.csproj", "{45388F07-2432-4C3F-9ACE-1D3301EEC56D}"
EndProject
Project("{9A19103F-16F7-4668-BE54-9A1E7A4F7556}") = "R5T.T0209", "..\..\R5T.T0209\source\R5T.T0209\R5T.T0209.csproj", "{2FCE811E-5898-42C4-B155-531ABDF5CD7B}"
EndProject
Project("{9A19103F-16F7-4668-BE54-9A1E7A4F7556}") = "R5T.T0220", "..\..\R5T.T0220\source\R5T.T0220\R5T.T0220.csproj", "{90910880-2BBE-43CD-A833-9DF3CBC9F66C}"
EndProject
Project("{9A19103F-16F7-4668-BE54-9A1E7A4F7556}") = "R5T.T0221", "..\..\R5T.T0221\source\R5T.T0221\R5T.T0221.csproj", "{642B17C2-B0DA-45F2-94E8-630818B2C9E5}"
EndProject
Project("{9A19103F-16F7-4668-BE54-9A1E7A4F7556}") = "R5T.T0240", "..\..\R5T.T0240\source\R5T.T0240\R5T.T0240.csproj", "{346D914E-4CED-4722-A639-08A1D6C811A3}"
EndProject
Project("{9A19103F-16F7-4668-BE54-9A1E7A4F7556}") = "R5T.T0241", "..\..\R5T.T0241\source\R5T.T0241\R5T.T0241.csproj", "{36058FE4-A950-4313-B537-8309329DDC17}"
EndProject
Project("{9A19103F-16F7-4668-BE54-9A1E7A4F7556}") = "R5T.Y0000", "..\..\R5T.Y0000\source\R5T.Y0000\R5T.Y0000.csproj", "{0AEB8A29-C544-4877-89C9-C904DAE87575}"
EndProject
Project("{9A19103F-16F7-4668-BE54-9A1E7A4F7556}") = "R5T.Y0004", "..\..\R5T.Y0004\source\R5T.Y0004\R5T.Y0004.csproj", "{ACFAD607-B596-448D-ACAD-8F344FE35CA7}"
EndProject
Project("{9A19103F-16F7-4668-BE54-9A1E7A4F7556}") = "R5T.Y0006", "..\..\R5T.Y0006\source\R5T.Y0006\R5T.Y0006.csproj", "{CEE1B9FD-71E0-4140-AD3D-B82F7CF0DC02}"
EndProject
Project("{9A19103F-16F7-4668-BE54-9A1E7A4F7556}") = "R5T.Z0000", "..\..\R5T.Z0000\source\R5T.Z0000\R5T.Z0000.csproj", "{A3408C1F-DCC2-4D72-9565-81D0BB4DA7BF}"
EndProject
Project("{9A19103F-16F7-4668-BE54-9A1E7A4F7556}") = "R5T.Z0006", "..\..\R5T.Z0006\source\R5T.Z0006\R5T.Z0006.csproj", "{D86CAADD-E884-4045-B948-498B46196829}"
EndProject
Project("{9A19103F-16F7-4668-BE54-9A1E7A4F7556}") = "R5T.Z0007", "..\..\R5T.Z0007\source\R5T.Z0007\R5T.Z0007.csproj", "{F67A591C-0A9B-4C4A-A814-8FA336A906E1}"
EndProject
Project("{9A19103F-16F7-4668-BE54-9A1E7A4F7556}") = "R5T.Z0009", "..\..\R5T.Z0009\source\R5T.Z0009\R5T.Z0009.csproj", "{0A610C97-EDF2-441D-8EA2-531C60BC75B2}"
EndProject
Project("{9A19103F-16F7-4668-BE54-9A1E7A4F7556}") = "R5T.Z0010.Platform", "..\..\R5T.Z0010\source\R5T.Z0010.Platform\R5T.Z0010.Platform.csproj", "{1650000A-AE7D-4967-A3A0-4F7879EB4D1A}"
EndProject
Project("{9A19103F-16F7-4668-BE54-9A1E7A4F7556}") = "R5T.Z0013", "..\..\R5T.Z0013\source\R5T.Z0013\R5T.Z0013.csproj", "{9F3E1B29-BFA7-47FC-9107-69EF527EB9D0}"
EndProject
Project("{9A19103F-16F7-4668-BE54-9A1E7A4F7556}") = "R5T.Z0018", "..\..\R5T.Z0018.Private\source\R5T.Z0018\R5T.Z0018.csproj", "{A8839F34-A40B-46E5-A383-AD3FA540CED7}"
EndProject
Project("{9A19103F-16F7-4668-BE54-9A1E7A4F7556}") = "R5T.Z0020", "..\..\R5T.Z0020\source\R5T.Z0020\R5T.Z0020.csproj", "{EAF568BE-60B2-4CA8-8CDD-A27076753930}"
EndProject
Project("{9A19103F-16F7-4668-BE54-9A1E7A4F7556}") = "R5T.Z0023", "..\..\R5T.Z0023\source\R5T.Z0023\R5T.Z0023.csproj", "{1E16FBA8-B214-4B40-AB89-3B67D89D7930}"
EndProject
Project("{9A19103F-16F7-4668-BE54-9A1E7A4F7556}") = "R5T.Z0036.Z000", "..\..\R5T.Z0036\source\R5T.Z0036.Z000\R5T.Z0036.Z000.csproj", "{B97475BC-5845-41F3-846C-7918C68936C3}"
EndProject
Project("{9A19103F-16F7-4668-BE54-9A1E7A4F7556}") = "R5T.Z0036", "..\..\R5T.Z0036\source\R5T.Z0036\R5T.Z0036.csproj", "{FDEA7AE0-464B-4C05-BC75-7F2AC4813158}"
EndProject
Global
	GlobalSection(NestedProjects) = preSolution
		{E9F2E809-14B1-4E6E-BCC2-F9965230000E} = {DE9884E4-3622-4809-82F9-FAD568F76350}
		{6B8B2AC5-0E1E-44EE-AAE5-C7F4BDD27266} = {DE9884E4-3622-4809-82F9-FAD568F76350}
		{DFBA6335-52E4-43EA-A765-F7BFF1323D00} = {DE9884E4-3622-4809-82F9-FAD568F76350}
		{2F354AFD-D2BB-4370-845B-406201CC0A07} = {DE9884E4-3622-4809-82F9-FAD568F76350}
		{E2AD5307-AF77-452B-9E87-4A93AE6BC36D} = {DE9884E4-3622-4809-82F9-FAD568F76350}
		{E3BC11E6-FA7D-412B-A978-9B63FC5E54EA} = {DE9884E4-3622-4809-82F9-FAD568F76350}
		{D630B308-33D6-4399-AC05-815CC3F4D3E6} = {DE9884E4-3622-4809-82F9-FAD568F76350}
		{9936040B-EE41-4D63-A040-4E3DBABBB12F} = {DE9884E4-3622-4809-82F9-FAD568F76350}
		{76696B77-8484-465D-B1E6-1D0C98CD705A} = {DE9884E4-3622-4809-82F9-FAD568F76350}
		{C24762E4-764F-4388-8308-0C2E82F0BE6C} = {DE9884E4-3622-4809-82F9-FAD568F76350}
		{3B6815CD-8181-491E-BC2D-2759C41DA6BB} = {DE9884E4-3622-4809-82F9-FAD568F76350}
		{F7913180-E860-4EF5-9661-BE5C2559A3C5} = {DE9884E4-3622-4809-82F9-FAD568F76350}
		{65F4D1CF-908B-49C8-9164-C4D7252C8E3D} = {DE9884E4-3622-4809-82F9-FAD568F76350}
		{6539A432-181C-4771-8ADE-ADA1EA15F033} = {DE9884E4-3622-4809-82F9-FAD568F76350}
		{4F65D9A4-4A4E-4549-8538-C736C741F519} = {DE9884E4-3622-4809-82F9-FAD568F76350}
		{E4C4C3E4-C917-435C-A9D3-7C170724CB67} = {DE9884E4-3622-4809-82F9-FAD568F76350}
		{5DA57B39-A0F4-4EFC-9FEC-15D2C147F451} = {DE9884E4-3622-4809-82F9-FAD568F76350}
		{76F80671-B435-468C-BE8B-563EAAD3EAD3} = {DE9884E4-3622-4809-82F9-FAD568F76350}
		{E2DC7BEE-016B-45FF-8D8D-13C409DC3B55} = {DE9884E4-3622-4809-82F9-FAD568F76350}
		{2EBCEF12-6B54-428A-9AEF-AF215707A299} = {DE9884E4-3622-4809-82F9-FAD568F76350}
		{5ECD3B5D-7BAE-4EEB-93AD-BB8E39D8BE60} = {DE9884E4-3622-4809-82F9-FAD568F76350}
		{9B27D4DA-4673-47DA-97B3-9E06735A5207} = {DE9884E4-3622-4809-82F9-FAD568F76350}
		{52066648-8464-42EE-AB0F-E9F01D22C912} = {DE9884E4-3622-4809-82F9-FAD568F76350}
		{D522308B-DA6E-4F59-8356-C91B64395234} = {DE9884E4-3622-4809-82F9-FAD568F76350}
		{9E844B82-20E0-40E2-B700-76E84DFF88DE} = {DE9884E4-3622-4809-82F9-FAD568F76350}
		{C9ECCB6A-9768-4342-AAEC-2F7DA5CA9365} = {DE9884E4-3622-4809-82F9-FAD568F76350}
		{2E49A950-E32C-4335-8451-B21FC1CF987B} = {DE9884E4-3622-4809-82F9-FAD568F76350}
		{3FEF44AC-5010-4515-B8A7-D2A9C2F19CBD} = {DE9884E4-3622-4809-82F9-FAD568F76350}
		{B060357C-8BD1-4326-9C5A-69EBADB2245B} = {DE9884E4-3622-4809-82F9-FAD568F76350}
		{18FAD309-44FE-4F55-B142-899DD3B34FBB} = {DE9884E4-3622-4809-82F9-FAD568F76350}
		{2E6EDB47-1AF8-40B9-B0D9-9F1A4A76E2C7} = {DE9884E4-3622-4809-82F9-FAD568F76350}
		{EEA3A34A-3507-4D58-A168-F9AF30EFD114} = {DE9884E4-3622-4809-82F9-FAD568F76350}
		{868EA320-CB8D-47BA-B4F0-DE5882177267} = {DE9884E4-3622-4809-82F9-FAD568F76350}
		{89278AB3-B410-4399-90AE-5CD83571D42A} = {DE9884E4-3622-4809-82F9-FAD568F76350}
		{EC871CB2-DFCB-41FD-A69F-77DD63B7BC2C} = {DE9884E4-3622-4809-82F9-FAD568F76350}
		{1F04A2DB-5156-4438-BE9A-DF9DD8CA7753} = {DE9884E4-3622-4809-82F9-FAD568F76350}
		{FF9FE932-F721-4FD4-B1D4-923EDBD25350} = {DE9884E4-3622-4809-82F9-FAD568F76350}
		{B96D7D62-A3AE-4387-9A09-A1E5E05751E3} = {DE9884E4-3622-4809-82F9-FAD568F76350}
		{D0D06AB7-4F48-4539-B70A-54F3F3001C12} = {DE9884E4-3622-4809-82F9-FAD568F76350}
		{5EA244DF-2CCE-40C5-8898-C0C31CA4AA23} = {DE9884E4-3622-4809-82F9-FAD568F76350}
		{A564F113-174D-4B2F-A411-46D7ABBB5911} = {DE9884E4-3622-4809-82F9-FAD568F76350}
		{C789CCBF-7A8A-4B7E-920A-65218A6967EE} = {DE9884E4-3622-4809-82F9-FAD568F76350}
		{19D04721-AED6-4FB0-A285-07164916529D} = {DE9884E4-3622-4809-82F9-FAD568F76350}
		{FC9897BD-8062-4692-BA82-6B751C3100BE} = {DE9884E4-3622-4809-82F9-FAD568F76350}
		{727159D0-E1BC-4245-ACC5-25171CCB05B4} = {DE9884E4-3622-4809-82F9-FAD568F76350}
		{D237D75D-ED1E-47FE-8FB7-2CACEBA303F9} = {DE9884E4-3622-4809-82F9-FAD568F76350}
		{1C487426-46B8-46B5-864D-90E7572FC81A} = {DE9884E4-3622-4809-82F9-FAD568F76350}
		{EF215187-E09F-48F8-8049-585C1946EE33} = {DE9884E4-3622-4809-82F9-FAD568F76350}
		{2F45C270-4E46-438E-8BEA-7D3A59B52630} = {DE9884E4-3622-4809-82F9-FAD568F76350}
		{F5FBE6BA-1A22-429C-A428-CC7456EC72B7} = {DE9884E4-3622-4809-82F9-FAD568F76350}
		{60CD6E11-F6F6-447C-9B26-B02554B1B8D4} = {DE9884E4-3622-4809-82F9-FAD568F76350}
		{9F974F4F-EBB4-49A2-AA3F-F7D2A3AE361F} = {DE9884E4-3622-4809-82F9-FAD568F76350}
		{7795460F-B5D9-402D-A9A8-A0669ED340E0} = {DE9884E4-3622-4809-82F9-FAD568F76350}
		{6A697CCD-7439-4907-8CA3-94063C11DACD} = {DE9884E4-3622-4809-82F9-FAD568F76350}
		{E32B2D5E-9C7B-4A37-93D1-8EEB57BA22A1} = {DE9884E4-3622-4809-82F9-FAD568F76350}
		{56D2E263-7CF1-4069-8B10-57BC277719E4} = {DE9884E4-3622-4809-82F9-FAD568F76350}
		{A36A52A1-64BC-4311-95F6-E66B108F5800} = {DE9884E4-3622-4809-82F9-FAD568F76350}
		{78D8D760-38B6-4CE5-89D3-8D0C24491475} = {DE9884E4-3622-4809-82F9-FAD568F76350}
		{2A941D2D-9842-4F90-8E08-A47D199D5C23} = {DE9884E4-3622-4809-82F9-FAD568F76350}
		{223579B9-FCC6-46A2-B0B4-4C0EAA134EB6} = {DE9884E4-3622-4809-82F9-FAD568F76350}
		{5F5A8F94-601D-420C-A9CA-532E0248EB69} = {DE9884E4-3622-4809-82F9-FAD568F76350}
		{FFF53776-1C18-44C1-BB7C-8B75A5304C49} = {DE9884E4-3622-4809-82F9-FAD568F76350}
		{31FEBC86-7B06-4E04-A7A6-D40CE88852E5} = {DE9884E4-3622-4809-82F9-FAD568F76350}
		{ECCA1CD3-8FBB-47A4-932D-D4A7BC7280A9} = {DE9884E4-3622-4809-82F9-FAD568F76350}
		{F28A9F2D-BB8F-4B55-BFB3-D5459AF1AC3E} = {DE9884E4-3622-4809-82F9-FAD568F76350}
		{DF2EEE78-66BE-4444-8B37-15F1F02D0098} = {DE9884E4-3622-4809-82F9-FAD568F76350}
		{CA483DDE-B804-46DF-8307-C3036607F1F6} = {DE9884E4-3622-4809-82F9-FAD568F76350}
		{0A80A689-60E1-40AB-9B5C-45DFD1B0326A} = {DE9884E4-3622-4809-82F9-FAD568F76350}
		{CAA85B1B-B9BC-4DE9-8C9D-6C1047D51A01} = {DE9884E4-3622-4809-82F9-FAD568F76350}
		{CC2E6DF0-AC32-4346-98A6-A5240D42039F} = {DE9884E4-3622-4809-82F9-FAD568F76350}
		{EE61BBBC-A13A-4C23-AA9F-9B6FD7D9F0D0} = {DE9884E4-3622-4809-82F9-FAD568F76350}
		{2906E81A-98D2-4034-92AE-4556CAB63E98} = {DE9884E4-3622-4809-82F9-FAD568F76350}
		{ED72EB1F-2960-4D7B-AC74-22AC0152B7CF} = {DE9884E4-3622-4809-82F9-FAD568F76350}
		{57108BD5-E1C5-4F13-8082-FF8622C56474} = {DE9884E4-3622-4809-82F9-FAD568F76350}
		{9F2AEB5C-16AB-4DE5-825D-07A0C2FB8469} = {DE9884E4-3622-4809-82F9-FAD568F76350}
		{6324EB48-B3ED-472F-9D29-C4B22D665DCD} = {DE9884E4-3622-4809-82F9-FAD568F76350}
		{3F0CADD8-74C4-4BF9-9068-9C21B48F198A} = {DE9884E4-3622-4809-82F9-FAD568F76350}
		{B7BE851C-DF8E-4821-B0E4-EA0DD5BA92A8} = {DE9884E4-3622-4809-82F9-FAD568F76350}
		{736D4337-F866-4AD8-91F5-ACE46DEC5A27} = {DE9884E4-3622-4809-82F9-FAD568F76350}
		{8010BA1A-9566-4529-A479-0E1B69FFEC45} = {DE9884E4-3622-4809-82F9-FAD568F76350}
		{94BFC849-7A8A-434C-8AA9-118717DFD216} = {DE9884E4-3622-4809-82F9-FAD568F76350}
		{42C40407-81E1-4EF4-AD28-80A927437660} = {DE9884E4-3622-4809-82F9-FAD568F76350}
		{34668313-12BB-49ED-B8FC-427AD15C4A4A} = {DE9884E4-3622-4809-82F9-FAD568F76350}
		{C9E33FBD-929B-41D1-8E84-7D2DBFDDD861} = {DE9884E4-3622-4809-82F9-FAD568F76350}
		{9CFEFC26-CD94-4ED8-BFB7-51A5F95B6466} = {DE9884E4-3622-4809-82F9-FAD568F76350}
		{975AFEDD-A8BF-474B-ACAE-59EB24AE48AB} = {DE9884E4-3622-4809-82F9-FAD568F76350}
		{45388F07-2432-4C3F-9ACE-1D3301EEC56D} = {DE9884E4-3622-4809-82F9-FAD568F76350}
		{2FCE811E-5898-42C4-B155-531ABDF5CD7B} = {DE9884E4-3622-4809-82F9-FAD568F76350}
		{90910880-2BBE-43CD-A833-9DF3CBC9F66C} = {DE9884E4-3622-4809-82F9-FAD568F76350}
		{642B17C2-B0DA-45F2-94E8-630818B2C9E5} = {DE9884E4-3622-4809-82F9-FAD568F76350}
		{346D914E-4CED-4722-A639-08A1D6C811A3} = {DE9884E4-3622-4809-82F9-FAD568F76350}
		{36058FE4-A950-4313-B537-8309329DDC17} = {DE9884E4-3622-4809-82F9-FAD568F76350}
		{0AEB8A29-C544-4877-89C9-C904DAE87575} = {DE9884E4-3622-4809-82F9-FAD568F76350}
		{ACFAD607-B596-448D-ACAD-8F344FE35CA7} = {DE9884E4-3622-4809-82F9-FAD568F76350}
		{CEE1B9FD-71E0-4140-AD3D-B82F7CF0DC02} = {DE9884E4-3622-4809-82F9-FAD568F76350}
		{A3408C1F-DCC2-4D72-9565-81D0BB4DA7BF} = {DE9884E4-3622-4809-82F9-FAD568F76350}
		{D86CAADD-E884-4045-B948-498B46196829} = {DE9884E4-3622-4809-82F9-FAD568F76350}
		{F67A591C-0A9B-4C4A-A814-8FA336A906E1} = {DE9884E4-3622-4809-82F9-FAD568F76350}
		{0A610C97-EDF2-441D-8EA2-531C60BC75B2} = {DE9884E4-3622-4809-82F9-FAD568F76350}
		{1650000A-AE7D-4967-A3A0-4F7879EB4D1A} = {DE9884E4-3622-4809-82F9-FAD568F76350}
		{9F3E1B29-BFA7-47FC-9107-69EF527EB9D0} = {DE9884E4-3622-4809-82F9-FAD568F76350}
		{A8839F34-A40B-46E5-A383-AD3FA540CED7} = {DE9884E4-3622-4809-82F9-FAD568F76350}
		{EAF568BE-60B2-4CA8-8CDD-A27076753930} = {DE9884E4-3622-4809-82F9-FAD568F76350}
		{1E16FBA8-B214-4B40-AB89-3B67D89D7930} = {DE9884E4-3622-4809-82F9-FAD568F76350}
		{B97475BC-5845-41F3-846C-7918C68936C3} = {DE9884E4-3622-4809-82F9-FAD568F76350}
		{FDEA7AE0-464B-4C05-BC75-7F2AC4813158} = {DE9884E4-3622-4809-82F9-FAD568F76350}
	EndGlobalSection
	GlobalSection(SolutionConfigurationPlatforms) = preSolution
		Debug|Any CPU = Debug|Any CPU
		Release|Any CPU = Release|Any CPU
	EndGlobalSection
	GlobalSection(ProjectConfigurationPlatforms) = postSolution
		{2239FD50-6745-4C8F-AB14-446D1FE49BAF}.Debug|Any CPU.ActiveCfg = Debug|Any CPU
		{2239FD50-6745-4C8F-AB14-446D1FE49BAF}.Debug|Any CPU.Build.0 = Debug|Any CPU
		{2239FD50-6745-4C8F-AB14-446D1FE49BAF}.Release|Any CPU.ActiveCfg = Release|Any CPU
		{2239FD50-6745-4C8F-AB14-446D1FE49BAF}.Release|Any CPU.Build.0 = Release|Any CPU
		{E244AFE6-0F2E-4570-B5F2-23988301336A}.Debug|Any CPU.ActiveCfg = Debug|Any CPU
		{E244AFE6-0F2E-4570-B5F2-23988301336A}.Debug|Any CPU.Build.0 = Debug|Any CPU
		{E244AFE6-0F2E-4570-B5F2-23988301336A}.Release|Any CPU.ActiveCfg = Release|Any CPU
		{E244AFE6-0F2E-4570-B5F2-23988301336A}.Release|Any CPU.Build.0 = Release|Any CPU
		{E9F2E809-14B1-4E6E-BCC2-F9965230000E}.Debug|Any CPU.ActiveCfg = Debug|Any CPU
		{E9F2E809-14B1-4E6E-BCC2-F9965230000E}.Debug|Any CPU.Build.0 = Debug|Any CPU
		{E9F2E809-14B1-4E6E-BCC2-F9965230000E}.Release|Any CPU.ActiveCfg = Release|Any CPU
		{E9F2E809-14B1-4E6E-BCC2-F9965230000E}.Release|Any CPU.Build.0 = Release|Any CPU
		{6B8B2AC5-0E1E-44EE-AAE5-C7F4BDD27266}.Debug|Any CPU.ActiveCfg = Debug|Any CPU
		{6B8B2AC5-0E1E-44EE-AAE5-C7F4BDD27266}.Debug|Any CPU.Build.0 = Debug|Any CPU
		{6B8B2AC5-0E1E-44EE-AAE5-C7F4BDD27266}.Release|Any CPU.ActiveCfg = Release|Any CPU
		{6B8B2AC5-0E1E-44EE-AAE5-C7F4BDD27266}.Release|Any CPU.Build.0 = Release|Any CPU
		{DFBA6335-52E4-43EA-A765-F7BFF1323D00}.Debug|Any CPU.ActiveCfg = Debug|Any CPU
		{DFBA6335-52E4-43EA-A765-F7BFF1323D00}.Debug|Any CPU.Build.0 = Debug|Any CPU
		{DFBA6335-52E4-43EA-A765-F7BFF1323D00}.Release|Any CPU.ActiveCfg = Release|Any CPU
		{DFBA6335-52E4-43EA-A765-F7BFF1323D00}.Release|Any CPU.Build.0 = Release|Any CPU
		{2F354AFD-D2BB-4370-845B-406201CC0A07}.Debug|Any CPU.ActiveCfg = Debug|Any CPU
		{2F354AFD-D2BB-4370-845B-406201CC0A07}.Debug|Any CPU.Build.0 = Debug|Any CPU
		{2F354AFD-D2BB-4370-845B-406201CC0A07}.Release|Any CPU.ActiveCfg = Release|Any CPU
		{2F354AFD-D2BB-4370-845B-406201CC0A07}.Release|Any CPU.Build.0 = Release|Any CPU
		{E2AD5307-AF77-452B-9E87-4A93AE6BC36D}.Debug|Any CPU.ActiveCfg = Debug|Any CPU
		{E2AD5307-AF77-452B-9E87-4A93AE6BC36D}.Debug|Any CPU.Build.0 = Debug|Any CPU
		{E2AD5307-AF77-452B-9E87-4A93AE6BC36D}.Release|Any CPU.ActiveCfg = Release|Any CPU
		{E2AD5307-AF77-452B-9E87-4A93AE6BC36D}.Release|Any CPU.Build.0 = Release|Any CPU
		{E3BC11E6-FA7D-412B-A978-9B63FC5E54EA}.Debug|Any CPU.ActiveCfg = Debug|Any CPU
		{E3BC11E6-FA7D-412B-A978-9B63FC5E54EA}.Debug|Any CPU.Build.0 = Debug|Any CPU
		{E3BC11E6-FA7D-412B-A978-9B63FC5E54EA}.Release|Any CPU.ActiveCfg = Release|Any CPU
		{E3BC11E6-FA7D-412B-A978-9B63FC5E54EA}.Release|Any CPU.Build.0 = Release|Any CPU
		{D630B308-33D6-4399-AC05-815CC3F4D3E6}.Debug|Any CPU.ActiveCfg = Debug|Any CPU
		{D630B308-33D6-4399-AC05-815CC3F4D3E6}.Debug|Any CPU.Build.0 = Debug|Any CPU
		{D630B308-33D6-4399-AC05-815CC3F4D3E6}.Release|Any CPU.ActiveCfg = Release|Any CPU
		{D630B308-33D6-4399-AC05-815CC3F4D3E6}.Release|Any CPU.Build.0 = Release|Any CPU
		{9936040B-EE41-4D63-A040-4E3DBABBB12F}.Debug|Any CPU.ActiveCfg = Debug|Any CPU
		{9936040B-EE41-4D63-A040-4E3DBABBB12F}.Debug|Any CPU.Build.0 = Debug|Any CPU
		{9936040B-EE41-4D63-A040-4E3DBABBB12F}.Release|Any CPU.ActiveCfg = Release|Any CPU
		{9936040B-EE41-4D63-A040-4E3DBABBB12F}.Release|Any CPU.Build.0 = Release|Any CPU
		{76696B77-8484-465D-B1E6-1D0C98CD705A}.Debug|Any CPU.ActiveCfg = Debug|Any CPU
		{76696B77-8484-465D-B1E6-1D0C98CD705A}.Debug|Any CPU.Build.0 = Debug|Any CPU
		{76696B77-8484-465D-B1E6-1D0C98CD705A}.Release|Any CPU.ActiveCfg = Release|Any CPU
		{76696B77-8484-465D-B1E6-1D0C98CD705A}.Release|Any CPU.Build.0 = Release|Any CPU
		{C24762E4-764F-4388-8308-0C2E82F0BE6C}.Debug|Any CPU.ActiveCfg = Debug|Any CPU
		{C24762E4-764F-4388-8308-0C2E82F0BE6C}.Debug|Any CPU.Build.0 = Debug|Any CPU
		{C24762E4-764F-4388-8308-0C2E82F0BE6C}.Release|Any CPU.ActiveCfg = Release|Any CPU
		{C24762E4-764F-4388-8308-0C2E82F0BE6C}.Release|Any CPU.Build.0 = Release|Any CPU
		{3B6815CD-8181-491E-BC2D-2759C41DA6BB}.Debug|Any CPU.ActiveCfg = Debug|Any CPU
		{3B6815CD-8181-491E-BC2D-2759C41DA6BB}.Debug|Any CPU.Build.0 = Debug|Any CPU
		{3B6815CD-8181-491E-BC2D-2759C41DA6BB}.Release|Any CPU.ActiveCfg = Release|Any CPU
		{3B6815CD-8181-491E-BC2D-2759C41DA6BB}.Release|Any CPU.Build.0 = Release|Any CPU
		{F7913180-E860-4EF5-9661-BE5C2559A3C5}.Debug|Any CPU.ActiveCfg = Debug|Any CPU
		{F7913180-E860-4EF5-9661-BE5C2559A3C5}.Debug|Any CPU.Build.0 = Debug|Any CPU
		{F7913180-E860-4EF5-9661-BE5C2559A3C5}.Release|Any CPU.ActiveCfg = Release|Any CPU
		{F7913180-E860-4EF5-9661-BE5C2559A3C5}.Release|Any CPU.Build.0 = Release|Any CPU
		{65F4D1CF-908B-49C8-9164-C4D7252C8E3D}.Debug|Any CPU.ActiveCfg = Debug|Any CPU
		{65F4D1CF-908B-49C8-9164-C4D7252C8E3D}.Debug|Any CPU.Build.0 = Debug|Any CPU
		{65F4D1CF-908B-49C8-9164-C4D7252C8E3D}.Release|Any CPU.ActiveCfg = Release|Any CPU
		{65F4D1CF-908B-49C8-9164-C4D7252C8E3D}.Release|Any CPU.Build.0 = Release|Any CPU
		{6539A432-181C-4771-8ADE-ADA1EA15F033}.Debug|Any CPU.ActiveCfg = Debug|Any CPU
		{6539A432-181C-4771-8ADE-ADA1EA15F033}.Debug|Any CPU.Build.0 = Debug|Any CPU
		{6539A432-181C-4771-8ADE-ADA1EA15F033}.Release|Any CPU.ActiveCfg = Release|Any CPU
		{6539A432-181C-4771-8ADE-ADA1EA15F033}.Release|Any CPU.Build.0 = Release|Any CPU
		{4F65D9A4-4A4E-4549-8538-C736C741F519}.Debug|Any CPU.ActiveCfg = Debug|Any CPU
		{4F65D9A4-4A4E-4549-8538-C736C741F519}.Debug|Any CPU.Build.0 = Debug|Any CPU
		{4F65D9A4-4A4E-4549-8538-C736C741F519}.Release|Any CPU.ActiveCfg = Release|Any CPU
		{4F65D9A4-4A4E-4549-8538-C736C741F519}.Release|Any CPU.Build.0 = Release|Any CPU
		{E4C4C3E4-C917-435C-A9D3-7C170724CB67}.Debug|Any CPU.ActiveCfg = Debug|Any CPU
		{E4C4C3E4-C917-435C-A9D3-7C170724CB67}.Debug|Any CPU.Build.0 = Debug|Any CPU
		{E4C4C3E4-C917-435C-A9D3-7C170724CB67}.Release|Any CPU.ActiveCfg = Release|Any CPU
		{E4C4C3E4-C917-435C-A9D3-7C170724CB67}.Release|Any CPU.Build.0 = Release|Any CPU
		{5DA57B39-A0F4-4EFC-9FEC-15D2C147F451}.Debug|Any CPU.ActiveCfg = Debug|Any CPU
		{5DA57B39-A0F4-4EFC-9FEC-15D2C147F451}.Debug|Any CPU.Build.0 = Debug|Any CPU
		{5DA57B39-A0F4-4EFC-9FEC-15D2C147F451}.Release|Any CPU.ActiveCfg = Release|Any CPU
		{5DA57B39-A0F4-4EFC-9FEC-15D2C147F451}.Release|Any CPU.Build.0 = Release|Any CPU
		{76F80671-B435-468C-BE8B-563EAAD3EAD3}.Debug|Any CPU.ActiveCfg = Debug|Any CPU
		{76F80671-B435-468C-BE8B-563EAAD3EAD3}.Debug|Any CPU.Build.0 = Debug|Any CPU
		{76F80671-B435-468C-BE8B-563EAAD3EAD3}.Release|Any CPU.ActiveCfg = Release|Any CPU
		{76F80671-B435-468C-BE8B-563EAAD3EAD3}.Release|Any CPU.Build.0 = Release|Any CPU
		{E2DC7BEE-016B-45FF-8D8D-13C409DC3B55}.Debug|Any CPU.ActiveCfg = Debug|Any CPU
		{E2DC7BEE-016B-45FF-8D8D-13C409DC3B55}.Debug|Any CPU.Build.0 = Debug|Any CPU
		{E2DC7BEE-016B-45FF-8D8D-13C409DC3B55}.Release|Any CPU.ActiveCfg = Release|Any CPU
		{E2DC7BEE-016B-45FF-8D8D-13C409DC3B55}.Release|Any CPU.Build.0 = Release|Any CPU
		{2EBCEF12-6B54-428A-9AEF-AF215707A299}.Debug|Any CPU.ActiveCfg = Debug|Any CPU
		{2EBCEF12-6B54-428A-9AEF-AF215707A299}.Debug|Any CPU.Build.0 = Debug|Any CPU
		{2EBCEF12-6B54-428A-9AEF-AF215707A299}.Release|Any CPU.ActiveCfg = Release|Any CPU
		{2EBCEF12-6B54-428A-9AEF-AF215707A299}.Release|Any CPU.Build.0 = Release|Any CPU
		{5ECD3B5D-7BAE-4EEB-93AD-BB8E39D8BE60}.Debug|Any CPU.ActiveCfg = Debug|Any CPU
		{5ECD3B5D-7BAE-4EEB-93AD-BB8E39D8BE60}.Debug|Any CPU.Build.0 = Debug|Any CPU
		{5ECD3B5D-7BAE-4EEB-93AD-BB8E39D8BE60}.Release|Any CPU.ActiveCfg = Release|Any CPU
		{5ECD3B5D-7BAE-4EEB-93AD-BB8E39D8BE60}.Release|Any CPU.Build.0 = Release|Any CPU
		{9B27D4DA-4673-47DA-97B3-9E06735A5207}.Debug|Any CPU.ActiveCfg = Debug|Any CPU
		{9B27D4DA-4673-47DA-97B3-9E06735A5207}.Debug|Any CPU.Build.0 = Debug|Any CPU
		{9B27D4DA-4673-47DA-97B3-9E06735A5207}.Release|Any CPU.ActiveCfg = Release|Any CPU
		{9B27D4DA-4673-47DA-97B3-9E06735A5207}.Release|Any CPU.Build.0 = Release|Any CPU
		{52066648-8464-42EE-AB0F-E9F01D22C912}.Debug|Any CPU.ActiveCfg = Debug|Any CPU
		{52066648-8464-42EE-AB0F-E9F01D22C912}.Debug|Any CPU.Build.0 = Debug|Any CPU
		{52066648-8464-42EE-AB0F-E9F01D22C912}.Release|Any CPU.ActiveCfg = Release|Any CPU
		{52066648-8464-42EE-AB0F-E9F01D22C912}.Release|Any CPU.Build.0 = Release|Any CPU
		{D522308B-DA6E-4F59-8356-C91B64395234}.Debug|Any CPU.ActiveCfg = Debug|Any CPU
		{D522308B-DA6E-4F59-8356-C91B64395234}.Debug|Any CPU.Build.0 = Debug|Any CPU
		{D522308B-DA6E-4F59-8356-C91B64395234}.Release|Any CPU.ActiveCfg = Release|Any CPU
		{D522308B-DA6E-4F59-8356-C91B64395234}.Release|Any CPU.Build.0 = Release|Any CPU
		{9E844B82-20E0-40E2-B700-76E84DFF88DE}.Debug|Any CPU.ActiveCfg = Debug|Any CPU
		{9E844B82-20E0-40E2-B700-76E84DFF88DE}.Debug|Any CPU.Build.0 = Debug|Any CPU
		{9E844B82-20E0-40E2-B700-76E84DFF88DE}.Release|Any CPU.ActiveCfg = Release|Any CPU
		{9E844B82-20E0-40E2-B700-76E84DFF88DE}.Release|Any CPU.Build.0 = Release|Any CPU
		{C9ECCB6A-9768-4342-AAEC-2F7DA5CA9365}.Debug|Any CPU.ActiveCfg = Debug|Any CPU
		{C9ECCB6A-9768-4342-AAEC-2F7DA5CA9365}.Debug|Any CPU.Build.0 = Debug|Any CPU
		{C9ECCB6A-9768-4342-AAEC-2F7DA5CA9365}.Release|Any CPU.ActiveCfg = Release|Any CPU
		{C9ECCB6A-9768-4342-AAEC-2F7DA5CA9365}.Release|Any CPU.Build.0 = Release|Any CPU
		{2E49A950-E32C-4335-8451-B21FC1CF987B}.Debug|Any CPU.ActiveCfg = Debug|Any CPU
		{2E49A950-E32C-4335-8451-B21FC1CF987B}.Debug|Any CPU.Build.0 = Debug|Any CPU
		{2E49A950-E32C-4335-8451-B21FC1CF987B}.Release|Any CPU.ActiveCfg = Release|Any CPU
		{2E49A950-E32C-4335-8451-B21FC1CF987B}.Release|Any CPU.Build.0 = Release|Any CPU
		{3FEF44AC-5010-4515-B8A7-D2A9C2F19CBD}.Debug|Any CPU.ActiveCfg = Debug|Any CPU
		{3FEF44AC-5010-4515-B8A7-D2A9C2F19CBD}.Debug|Any CPU.Build.0 = Debug|Any CPU
		{3FEF44AC-5010-4515-B8A7-D2A9C2F19CBD}.Release|Any CPU.ActiveCfg = Release|Any CPU
		{3FEF44AC-5010-4515-B8A7-D2A9C2F19CBD}.Release|Any CPU.Build.0 = Release|Any CPU
		{B060357C-8BD1-4326-9C5A-69EBADB2245B}.Debug|Any CPU.ActiveCfg = Debug|Any CPU
		{B060357C-8BD1-4326-9C5A-69EBADB2245B}.Debug|Any CPU.Build.0 = Debug|Any CPU
		{B060357C-8BD1-4326-9C5A-69EBADB2245B}.Release|Any CPU.ActiveCfg = Release|Any CPU
		{B060357C-8BD1-4326-9C5A-69EBADB2245B}.Release|Any CPU.Build.0 = Release|Any CPU
		{18FAD309-44FE-4F55-B142-899DD3B34FBB}.Debug|Any CPU.ActiveCfg = Debug|Any CPU
		{18FAD309-44FE-4F55-B142-899DD3B34FBB}.Debug|Any CPU.Build.0 = Debug|Any CPU
		{18FAD309-44FE-4F55-B142-899DD3B34FBB}.Release|Any CPU.ActiveCfg = Release|Any CPU
		{18FAD309-44FE-4F55-B142-899DD3B34FBB}.Release|Any CPU.Build.0 = Release|Any CPU
		{2E6EDB47-1AF8-40B9-B0D9-9F1A4A76E2C7}.Debug|Any CPU.ActiveCfg = Debug|Any CPU
		{2E6EDB47-1AF8-40B9-B0D9-9F1A4A76E2C7}.Debug|Any CPU.Build.0 = Debug|Any CPU
		{2E6EDB47-1AF8-40B9-B0D9-9F1A4A76E2C7}.Release|Any CPU.ActiveCfg = Release|Any CPU
		{2E6EDB47-1AF8-40B9-B0D9-9F1A4A76E2C7}.Release|Any CPU.Build.0 = Release|Any CPU
		{EEA3A34A-3507-4D58-A168-F9AF30EFD114}.Debug|Any CPU.ActiveCfg = Debug|Any CPU
		{EEA3A34A-3507-4D58-A168-F9AF30EFD114}.Debug|Any CPU.Build.0 = Debug|Any CPU
		{EEA3A34A-3507-4D58-A168-F9AF30EFD114}.Release|Any CPU.ActiveCfg = Release|Any CPU
		{EEA3A34A-3507-4D58-A168-F9AF30EFD114}.Release|Any CPU.Build.0 = Release|Any CPU
		{868EA320-CB8D-47BA-B4F0-DE5882177267}.Debug|Any CPU.ActiveCfg = Debug|Any CPU
		{868EA320-CB8D-47BA-B4F0-DE5882177267}.Debug|Any CPU.Build.0 = Debug|Any CPU
		{868EA320-CB8D-47BA-B4F0-DE5882177267}.Release|Any CPU.ActiveCfg = Release|Any CPU
		{868EA320-CB8D-47BA-B4F0-DE5882177267}.Release|Any CPU.Build.0 = Release|Any CPU
		{89278AB3-B410-4399-90AE-5CD83571D42A}.Debug|Any CPU.ActiveCfg = Debug|Any CPU
		{89278AB3-B410-4399-90AE-5CD83571D42A}.Debug|Any CPU.Build.0 = Debug|Any CPU
		{89278AB3-B410-4399-90AE-5CD83571D42A}.Release|Any CPU.ActiveCfg = Release|Any CPU
		{89278AB3-B410-4399-90AE-5CD83571D42A}.Release|Any CPU.Build.0 = Release|Any CPU
		{EC871CB2-DFCB-41FD-A69F-77DD63B7BC2C}.Debug|Any CPU.ActiveCfg = Debug|Any CPU
		{EC871CB2-DFCB-41FD-A69F-77DD63B7BC2C}.Debug|Any CPU.Build.0 = Debug|Any CPU
		{EC871CB2-DFCB-41FD-A69F-77DD63B7BC2C}.Release|Any CPU.ActiveCfg = Release|Any CPU
		{EC871CB2-DFCB-41FD-A69F-77DD63B7BC2C}.Release|Any CPU.Build.0 = Release|Any CPU
		{1F04A2DB-5156-4438-BE9A-DF9DD8CA7753}.Debug|Any CPU.ActiveCfg = Debug|Any CPU
		{1F04A2DB-5156-4438-BE9A-DF9DD8CA7753}.Debug|Any CPU.Build.0 = Debug|Any CPU
		{1F04A2DB-5156-4438-BE9A-DF9DD8CA7753}.Release|Any CPU.ActiveCfg = Release|Any CPU
		{1F04A2DB-5156-4438-BE9A-DF9DD8CA7753}.Release|Any CPU.Build.0 = Release|Any CPU
		{FF9FE932-F721-4FD4-B1D4-923EDBD25350}.Debug|Any CPU.ActiveCfg = Debug|Any CPU
		{FF9FE932-F721-4FD4-B1D4-923EDBD25350}.Debug|Any CPU.Build.0 = Debug|Any CPU
		{FF9FE932-F721-4FD4-B1D4-923EDBD25350}.Release|Any CPU.ActiveCfg = Release|Any CPU
		{FF9FE932-F721-4FD4-B1D4-923EDBD25350}.Release|Any CPU.Build.0 = Release|Any CPU
		{B96D7D62-A3AE-4387-9A09-A1E5E05751E3}.Debug|Any CPU.ActiveCfg = Debug|Any CPU
		{B96D7D62-A3AE-4387-9A09-A1E5E05751E3}.Debug|Any CPU.Build.0 = Debug|Any CPU
		{B96D7D62-A3AE-4387-9A09-A1E5E05751E3}.Release|Any CPU.ActiveCfg = Release|Any CPU
		{B96D7D62-A3AE-4387-9A09-A1E5E05751E3}.Release|Any CPU.Build.0 = Release|Any CPU
		{D0D06AB7-4F48-4539-B70A-54F3F3001C12}.Debug|Any CPU.ActiveCfg = Debug|Any CPU
		{D0D06AB7-4F48-4539-B70A-54F3F3001C12}.Debug|Any CPU.Build.0 = Debug|Any CPU
		{D0D06AB7-4F48-4539-B70A-54F3F3001C12}.Release|Any CPU.ActiveCfg = Release|Any CPU
		{D0D06AB7-4F48-4539-B70A-54F3F3001C12}.Release|Any CPU.Build.0 = Release|Any CPU
		{5EA244DF-2CCE-40C5-8898-C0C31CA4AA23}.Debug|Any CPU.ActiveCfg = Debug|Any CPU
		{5EA244DF-2CCE-40C5-8898-C0C31CA4AA23}.Debug|Any CPU.Build.0 = Debug|Any CPU
		{5EA244DF-2CCE-40C5-8898-C0C31CA4AA23}.Release|Any CPU.ActiveCfg = Release|Any CPU
		{5EA244DF-2CCE-40C5-8898-C0C31CA4AA23}.Release|Any CPU.Build.0 = Release|Any CPU
		{A564F113-174D-4B2F-A411-46D7ABBB5911}.Debug|Any CPU.ActiveCfg = Debug|Any CPU
		{A564F113-174D-4B2F-A411-46D7ABBB5911}.Debug|Any CPU.Build.0 = Debug|Any CPU
		{A564F113-174D-4B2F-A411-46D7ABBB5911}.Release|Any CPU.ActiveCfg = Release|Any CPU
		{A564F113-174D-4B2F-A411-46D7ABBB5911}.Release|Any CPU.Build.0 = Release|Any CPU
		{C789CCBF-7A8A-4B7E-920A-65218A6967EE}.Debug|Any CPU.ActiveCfg = Debug|Any CPU
		{C789CCBF-7A8A-4B7E-920A-65218A6967EE}.Debug|Any CPU.Build.0 = Debug|Any CPU
		{C789CCBF-7A8A-4B7E-920A-65218A6967EE}.Release|Any CPU.ActiveCfg = Release|Any CPU
		{C789CCBF-7A8A-4B7E-920A-65218A6967EE}.Release|Any CPU.Build.0 = Release|Any CPU
		{19D04721-AED6-4FB0-A285-07164916529D}.Debug|Any CPU.ActiveCfg = Debug|Any CPU
		{19D04721-AED6-4FB0-A285-07164916529D}.Debug|Any CPU.Build.0 = Debug|Any CPU
		{19D04721-AED6-4FB0-A285-07164916529D}.Release|Any CPU.ActiveCfg = Release|Any CPU
		{19D04721-AED6-4FB0-A285-07164916529D}.Release|Any CPU.Build.0 = Release|Any CPU
		{FC9897BD-8062-4692-BA82-6B751C3100BE}.Debug|Any CPU.ActiveCfg = Debug|Any CPU
		{FC9897BD-8062-4692-BA82-6B751C3100BE}.Debug|Any CPU.Build.0 = Debug|Any CPU
		{FC9897BD-8062-4692-BA82-6B751C3100BE}.Release|Any CPU.ActiveCfg = Release|Any CPU
		{FC9897BD-8062-4692-BA82-6B751C3100BE}.Release|Any CPU.Build.0 = Release|Any CPU
		{727159D0-E1BC-4245-ACC5-25171CCB05B4}.Debug|Any CPU.ActiveCfg = Debug|Any CPU
		{727159D0-E1BC-4245-ACC5-25171CCB05B4}.Debug|Any CPU.Build.0 = Debug|Any CPU
		{727159D0-E1BC-4245-ACC5-25171CCB05B4}.Release|Any CPU.ActiveCfg = Release|Any CPU
		{727159D0-E1BC-4245-ACC5-25171CCB05B4}.Release|Any CPU.Build.0 = Release|Any CPU
		{D237D75D-ED1E-47FE-8FB7-2CACEBA303F9}.Debug|Any CPU.ActiveCfg = Debug|Any CPU
		{D237D75D-ED1E-47FE-8FB7-2CACEBA303F9}.Debug|Any CPU.Build.0 = Debug|Any CPU
		{D237D75D-ED1E-47FE-8FB7-2CACEBA303F9}.Release|Any CPU.ActiveCfg = Release|Any CPU
		{D237D75D-ED1E-47FE-8FB7-2CACEBA303F9}.Release|Any CPU.Build.0 = Release|Any CPU
		{1C487426-46B8-46B5-864D-90E7572FC81A}.Debug|Any CPU.ActiveCfg = Debug|Any CPU
		{1C487426-46B8-46B5-864D-90E7572FC81A}.Debug|Any CPU.Build.0 = Debug|Any CPU
		{1C487426-46B8-46B5-864D-90E7572FC81A}.Release|Any CPU.ActiveCfg = Release|Any CPU
		{1C487426-46B8-46B5-864D-90E7572FC81A}.Release|Any CPU.Build.0 = Release|Any CPU
		{EF215187-E09F-48F8-8049-585C1946EE33}.Debug|Any CPU.ActiveCfg = Debug|Any CPU
		{EF215187-E09F-48F8-8049-585C1946EE33}.Debug|Any CPU.Build.0 = Debug|Any CPU
		{EF215187-E09F-48F8-8049-585C1946EE33}.Release|Any CPU.ActiveCfg = Release|Any CPU
		{EF215187-E09F-48F8-8049-585C1946EE33}.Release|Any CPU.Build.0 = Release|Any CPU
		{2F45C270-4E46-438E-8BEA-7D3A59B52630}.Debug|Any CPU.ActiveCfg = Debug|Any CPU
		{2F45C270-4E46-438E-8BEA-7D3A59B52630}.Debug|Any CPU.Build.0 = Debug|Any CPU
		{2F45C270-4E46-438E-8BEA-7D3A59B52630}.Release|Any CPU.ActiveCfg = Release|Any CPU
		{2F45C270-4E46-438E-8BEA-7D3A59B52630}.Release|Any CPU.Build.0 = Release|Any CPU
		{F5FBE6BA-1A22-429C-A428-CC7456EC72B7}.Debug|Any CPU.ActiveCfg = Debug|Any CPU
		{F5FBE6BA-1A22-429C-A428-CC7456EC72B7}.Debug|Any CPU.Build.0 = Debug|Any CPU
		{F5FBE6BA-1A22-429C-A428-CC7456EC72B7}.Release|Any CPU.ActiveCfg = Release|Any CPU
		{F5FBE6BA-1A22-429C-A428-CC7456EC72B7}.Release|Any CPU.Build.0 = Release|Any CPU
		{60CD6E11-F6F6-447C-9B26-B02554B1B8D4}.Debug|Any CPU.ActiveCfg = Debug|Any CPU
		{60CD6E11-F6F6-447C-9B26-B02554B1B8D4}.Debug|Any CPU.Build.0 = Debug|Any CPU
		{60CD6E11-F6F6-447C-9B26-B02554B1B8D4}.Release|Any CPU.ActiveCfg = Release|Any CPU
		{60CD6E11-F6F6-447C-9B26-B02554B1B8D4}.Release|Any CPU.Build.0 = Release|Any CPU
		{9F974F4F-EBB4-49A2-AA3F-F7D2A3AE361F}.Debug|Any CPU.ActiveCfg = Debug|Any CPU
		{9F974F4F-EBB4-49A2-AA3F-F7D2A3AE361F}.Debug|Any CPU.Build.0 = Debug|Any CPU
		{9F974F4F-EBB4-49A2-AA3F-F7D2A3AE361F}.Release|Any CPU.ActiveCfg = Release|Any CPU
		{9F974F4F-EBB4-49A2-AA3F-F7D2A3AE361F}.Release|Any CPU.Build.0 = Release|Any CPU
		{7795460F-B5D9-402D-A9A8-A0669ED340E0}.Debug|Any CPU.ActiveCfg = Debug|Any CPU
		{7795460F-B5D9-402D-A9A8-A0669ED340E0}.Debug|Any CPU.Build.0 = Debug|Any CPU
		{7795460F-B5D9-402D-A9A8-A0669ED340E0}.Release|Any CPU.ActiveCfg = Release|Any CPU
		{7795460F-B5D9-402D-A9A8-A0669ED340E0}.Release|Any CPU.Build.0 = Release|Any CPU
		{6A697CCD-7439-4907-8CA3-94063C11DACD}.Debug|Any CPU.ActiveCfg = Debug|Any CPU
		{6A697CCD-7439-4907-8CA3-94063C11DACD}.Debug|Any CPU.Build.0 = Debug|Any CPU
		{6A697CCD-7439-4907-8CA3-94063C11DACD}.Release|Any CPU.ActiveCfg = Release|Any CPU
		{6A697CCD-7439-4907-8CA3-94063C11DACD}.Release|Any CPU.Build.0 = Release|Any CPU
		{E32B2D5E-9C7B-4A37-93D1-8EEB57BA22A1}.Debug|Any CPU.ActiveCfg = Debug|Any CPU
		{E32B2D5E-9C7B-4A37-93D1-8EEB57BA22A1}.Debug|Any CPU.Build.0 = Debug|Any CPU
		{E32B2D5E-9C7B-4A37-93D1-8EEB57BA22A1}.Release|Any CPU.ActiveCfg = Release|Any CPU
		{E32B2D5E-9C7B-4A37-93D1-8EEB57BA22A1}.Release|Any CPU.Build.0 = Release|Any CPU
		{56D2E263-7CF1-4069-8B10-57BC277719E4}.Debug|Any CPU.ActiveCfg = Debug|Any CPU
		{56D2E263-7CF1-4069-8B10-57BC277719E4}.Debug|Any CPU.Build.0 = Debug|Any CPU
		{56D2E263-7CF1-4069-8B10-57BC277719E4}.Release|Any CPU.ActiveCfg = Release|Any CPU
		{56D2E263-7CF1-4069-8B10-57BC277719E4}.Release|Any CPU.Build.0 = Release|Any CPU
		{A36A52A1-64BC-4311-95F6-E66B108F5800}.Debug|Any CPU.ActiveCfg = Debug|Any CPU
		{A36A52A1-64BC-4311-95F6-E66B108F5800}.Debug|Any CPU.Build.0 = Debug|Any CPU
		{A36A52A1-64BC-4311-95F6-E66B108F5800}.Release|Any CPU.ActiveCfg = Release|Any CPU
		{A36A52A1-64BC-4311-95F6-E66B108F5800}.Release|Any CPU.Build.0 = Release|Any CPU
		{78D8D760-38B6-4CE5-89D3-8D0C24491475}.Debug|Any CPU.ActiveCfg = Debug|Any CPU
		{78D8D760-38B6-4CE5-89D3-8D0C24491475}.Debug|Any CPU.Build.0 = Debug|Any CPU
		{78D8D760-38B6-4CE5-89D3-8D0C24491475}.Release|Any CPU.ActiveCfg = Release|Any CPU
		{78D8D760-38B6-4CE5-89D3-8D0C24491475}.Release|Any CPU.Build.0 = Release|Any CPU
		{2A941D2D-9842-4F90-8E08-A47D199D5C23}.Debug|Any CPU.ActiveCfg = Debug|Any CPU
		{2A941D2D-9842-4F90-8E08-A47D199D5C23}.Debug|Any CPU.Build.0 = Debug|Any CPU
		{2A941D2D-9842-4F90-8E08-A47D199D5C23}.Release|Any CPU.ActiveCfg = Release|Any CPU
		{2A941D2D-9842-4F90-8E08-A47D199D5C23}.Release|Any CPU.Build.0 = Release|Any CPU
		{223579B9-FCC6-46A2-B0B4-4C0EAA134EB6}.Debug|Any CPU.ActiveCfg = Debug|Any CPU
		{223579B9-FCC6-46A2-B0B4-4C0EAA134EB6}.Debug|Any CPU.Build.0 = Debug|Any CPU
		{223579B9-FCC6-46A2-B0B4-4C0EAA134EB6}.Release|Any CPU.ActiveCfg = Release|Any CPU
		{223579B9-FCC6-46A2-B0B4-4C0EAA134EB6}.Release|Any CPU.Build.0 = Release|Any CPU
		{5F5A8F94-601D-420C-A9CA-532E0248EB69}.Debug|Any CPU.ActiveCfg = Debug|Any CPU
		{5F5A8F94-601D-420C-A9CA-532E0248EB69}.Debug|Any CPU.Build.0 = Debug|Any CPU
		{5F5A8F94-601D-420C-A9CA-532E0248EB69}.Release|Any CPU.ActiveCfg = Release|Any CPU
		{5F5A8F94-601D-420C-A9CA-532E0248EB69}.Release|Any CPU.Build.0 = Release|Any CPU
		{FFF53776-1C18-44C1-BB7C-8B75A5304C49}.Debug|Any CPU.ActiveCfg = Debug|Any CPU
		{FFF53776-1C18-44C1-BB7C-8B75A5304C49}.Debug|Any CPU.Build.0 = Debug|Any CPU
		{FFF53776-1C18-44C1-BB7C-8B75A5304C49}.Release|Any CPU.ActiveCfg = Release|Any CPU
		{FFF53776-1C18-44C1-BB7C-8B75A5304C49}.Release|Any CPU.Build.0 = Release|Any CPU
		{31FEBC86-7B06-4E04-A7A6-D40CE88852E5}.Debug|Any CPU.ActiveCfg = Debug|Any CPU
		{31FEBC86-7B06-4E04-A7A6-D40CE88852E5}.Debug|Any CPU.Build.0 = Debug|Any CPU
		{31FEBC86-7B06-4E04-A7A6-D40CE88852E5}.Release|Any CPU.ActiveCfg = Release|Any CPU
		{31FEBC86-7B06-4E04-A7A6-D40CE88852E5}.Release|Any CPU.Build.0 = Release|Any CPU
		{ECCA1CD3-8FBB-47A4-932D-D4A7BC7280A9}.Debug|Any CPU.ActiveCfg = Debug|Any CPU
		{ECCA1CD3-8FBB-47A4-932D-D4A7BC7280A9}.Debug|Any CPU.Build.0 = Debug|Any CPU
		{ECCA1CD3-8FBB-47A4-932D-D4A7BC7280A9}.Release|Any CPU.ActiveCfg = Release|Any CPU
		{ECCA1CD3-8FBB-47A4-932D-D4A7BC7280A9}.Release|Any CPU.Build.0 = Release|Any CPU
		{F28A9F2D-BB8F-4B55-BFB3-D5459AF1AC3E}.Debug|Any CPU.ActiveCfg = Debug|Any CPU
		{F28A9F2D-BB8F-4B55-BFB3-D5459AF1AC3E}.Debug|Any CPU.Build.0 = Debug|Any CPU
		{F28A9F2D-BB8F-4B55-BFB3-D5459AF1AC3E}.Release|Any CPU.ActiveCfg = Release|Any CPU
		{F28A9F2D-BB8F-4B55-BFB3-D5459AF1AC3E}.Release|Any CPU.Build.0 = Release|Any CPU
		{DF2EEE78-66BE-4444-8B37-15F1F02D0098}.Debug|Any CPU.ActiveCfg = Debug|Any CPU
		{DF2EEE78-66BE-4444-8B37-15F1F02D0098}.Debug|Any CPU.Build.0 = Debug|Any CPU
		{DF2EEE78-66BE-4444-8B37-15F1F02D0098}.Release|Any CPU.ActiveCfg = Release|Any CPU
		{DF2EEE78-66BE-4444-8B37-15F1F02D0098}.Release|Any CPU.Build.0 = Release|Any CPU
		{CA483DDE-B804-46DF-8307-C3036607F1F6}.Debug|Any CPU.ActiveCfg = Debug|Any CPU
		{CA483DDE-B804-46DF-8307-C3036607F1F6}.Debug|Any CPU.Build.0 = Debug|Any CPU
		{CA483DDE-B804-46DF-8307-C3036607F1F6}.Release|Any CPU.ActiveCfg = Release|Any CPU
		{CA483DDE-B804-46DF-8307-C3036607F1F6}.Release|Any CPU.Build.0 = Release|Any CPU
		{0A80A689-60E1-40AB-9B5C-45DFD1B0326A}.Debug|Any CPU.ActiveCfg = Debug|Any CPU
		{0A80A689-60E1-40AB-9B5C-45DFD1B0326A}.Debug|Any CPU.Build.0 = Debug|Any CPU
		{0A80A689-60E1-40AB-9B5C-45DFD1B0326A}.Release|Any CPU.ActiveCfg = Release|Any CPU
		{0A80A689-60E1-40AB-9B5C-45DFD1B0326A}.Release|Any CPU.Build.0 = Release|Any CPU
		{CAA85B1B-B9BC-4DE9-8C9D-6C1047D51A01}.Debug|Any CPU.ActiveCfg = Debug|Any CPU
		{CAA85B1B-B9BC-4DE9-8C9D-6C1047D51A01}.Debug|Any CPU.Build.0 = Debug|Any CPU
		{CAA85B1B-B9BC-4DE9-8C9D-6C1047D51A01}.Release|Any CPU.ActiveCfg = Release|Any CPU
		{CAA85B1B-B9BC-4DE9-8C9D-6C1047D51A01}.Release|Any CPU.Build.0 = Release|Any CPU
		{CC2E6DF0-AC32-4346-98A6-A5240D42039F}.Debug|Any CPU.ActiveCfg = Debug|Any CPU
		{CC2E6DF0-AC32-4346-98A6-A5240D42039F}.Debug|Any CPU.Build.0 = Debug|Any CPU
		{CC2E6DF0-AC32-4346-98A6-A5240D42039F}.Release|Any CPU.ActiveCfg = Release|Any CPU
		{CC2E6DF0-AC32-4346-98A6-A5240D42039F}.Release|Any CPU.Build.0 = Release|Any CPU
		{EE61BBBC-A13A-4C23-AA9F-9B6FD7D9F0D0}.Debug|Any CPU.ActiveCfg = Debug|Any CPU
		{EE61BBBC-A13A-4C23-AA9F-9B6FD7D9F0D0}.Debug|Any CPU.Build.0 = Debug|Any CPU
		{EE61BBBC-A13A-4C23-AA9F-9B6FD7D9F0D0}.Release|Any CPU.ActiveCfg = Release|Any CPU
		{EE61BBBC-A13A-4C23-AA9F-9B6FD7D9F0D0}.Release|Any CPU.Build.0 = Release|Any CPU
		{2906E81A-98D2-4034-92AE-4556CAB63E98}.Debug|Any CPU.ActiveCfg = Debug|Any CPU
		{2906E81A-98D2-4034-92AE-4556CAB63E98}.Debug|Any CPU.Build.0 = Debug|Any CPU
		{2906E81A-98D2-4034-92AE-4556CAB63E98}.Release|Any CPU.ActiveCfg = Release|Any CPU
		{2906E81A-98D2-4034-92AE-4556CAB63E98}.Release|Any CPU.Build.0 = Release|Any CPU
		{ED72EB1F-2960-4D7B-AC74-22AC0152B7CF}.Debug|Any CPU.ActiveCfg = Debug|Any CPU
		{ED72EB1F-2960-4D7B-AC74-22AC0152B7CF}.Debug|Any CPU.Build.0 = Debug|Any CPU
		{ED72EB1F-2960-4D7B-AC74-22AC0152B7CF}.Release|Any CPU.ActiveCfg = Release|Any CPU
		{ED72EB1F-2960-4D7B-AC74-22AC0152B7CF}.Release|Any CPU.Build.0 = Release|Any CPU
		{57108BD5-E1C5-4F13-8082-FF8622C56474}.Debug|Any CPU.ActiveCfg = Debug|Any CPU
		{57108BD5-E1C5-4F13-8082-FF8622C56474}.Debug|Any CPU.Build.0 = Debug|Any CPU
		{57108BD5-E1C5-4F13-8082-FF8622C56474}.Release|Any CPU.ActiveCfg = Release|Any CPU
		{57108BD5-E1C5-4F13-8082-FF8622C56474}.Release|Any CPU.Build.0 = Release|Any CPU
		{9F2AEB5C-16AB-4DE5-825D-07A0C2FB8469}.Debug|Any CPU.ActiveCfg = Debug|Any CPU
		{9F2AEB5C-16AB-4DE5-825D-07A0C2FB8469}.Debug|Any CPU.Build.0 = Debug|Any CPU
		{9F2AEB5C-16AB-4DE5-825D-07A0C2FB8469}.Release|Any CPU.ActiveCfg = Release|Any CPU
		{9F2AEB5C-16AB-4DE5-825D-07A0C2FB8469}.Release|Any CPU.Build.0 = Release|Any CPU
		{6324EB48-B3ED-472F-9D29-C4B22D665DCD}.Debug|Any CPU.ActiveCfg = Debug|Any CPU
		{6324EB48-B3ED-472F-9D29-C4B22D665DCD}.Debug|Any CPU.Build.0 = Debug|Any CPU
		{6324EB48-B3ED-472F-9D29-C4B22D665DCD}.Release|Any CPU.ActiveCfg = Release|Any CPU
		{6324EB48-B3ED-472F-9D29-C4B22D665DCD}.Release|Any CPU.Build.0 = Release|Any CPU
		{3F0CADD8-74C4-4BF9-9068-9C21B48F198A}.Debug|Any CPU.ActiveCfg = Debug|Any CPU
		{3F0CADD8-74C4-4BF9-9068-9C21B48F198A}.Debug|Any CPU.Build.0 = Debug|Any CPU
		{3F0CADD8-74C4-4BF9-9068-9C21B48F198A}.Release|Any CPU.ActiveCfg = Release|Any CPU
		{3F0CADD8-74C4-4BF9-9068-9C21B48F198A}.Release|Any CPU.Build.0 = Release|Any CPU
		{B7BE851C-DF8E-4821-B0E4-EA0DD5BA92A8}.Debug|Any CPU.ActiveCfg = Debug|Any CPU
		{B7BE851C-DF8E-4821-B0E4-EA0DD5BA92A8}.Debug|Any CPU.Build.0 = Debug|Any CPU
		{B7BE851C-DF8E-4821-B0E4-EA0DD5BA92A8}.Release|Any CPU.ActiveCfg = Release|Any CPU
		{B7BE851C-DF8E-4821-B0E4-EA0DD5BA92A8}.Release|Any CPU.Build.0 = Release|Any CPU
		{736D4337-F866-4AD8-91F5-ACE46DEC5A27}.Debug|Any CPU.ActiveCfg = Debug|Any CPU
		{736D4337-F866-4AD8-91F5-ACE46DEC5A27}.Debug|Any CPU.Build.0 = Debug|Any CPU
		{736D4337-F866-4AD8-91F5-ACE46DEC5A27}.Release|Any CPU.ActiveCfg = Release|Any CPU
		{736D4337-F866-4AD8-91F5-ACE46DEC5A27}.Release|Any CPU.Build.0 = Release|Any CPU
		{8010BA1A-9566-4529-A479-0E1B69FFEC45}.Debug|Any CPU.ActiveCfg = Debug|Any CPU
		{8010BA1A-9566-4529-A479-0E1B69FFEC45}.Debug|Any CPU.Build.0 = Debug|Any CPU
		{8010BA1A-9566-4529-A479-0E1B69FFEC45}.Release|Any CPU.ActiveCfg = Release|Any CPU
		{8010BA1A-9566-4529-A479-0E1B69FFEC45}.Release|Any CPU.Build.0 = Release|Any CPU
		{94BFC849-7A8A-434C-8AA9-118717DFD216}.Debug|Any CPU.ActiveCfg = Debug|Any CPU
		{94BFC849-7A8A-434C-8AA9-118717DFD216}.Debug|Any CPU.Build.0 = Debug|Any CPU
		{94BFC849-7A8A-434C-8AA9-118717DFD216}.Release|Any CPU.ActiveCfg = Release|Any CPU
		{94BFC849-7A8A-434C-8AA9-118717DFD216}.Release|Any CPU.Build.0 = Release|Any CPU
		{42C40407-81E1-4EF4-AD28-80A927437660}.Debug|Any CPU.ActiveCfg = Debug|Any CPU
		{42C40407-81E1-4EF4-AD28-80A927437660}.Debug|Any CPU.Build.0 = Debug|Any CPU
		{42C40407-81E1-4EF4-AD28-80A927437660}.Release|Any CPU.ActiveCfg = Release|Any CPU
		{42C40407-81E1-4EF4-AD28-80A927437660}.Release|Any CPU.Build.0 = Release|Any CPU
		{34668313-12BB-49ED-B8FC-427AD15C4A4A}.Debug|Any CPU.ActiveCfg = Debug|Any CPU
		{34668313-12BB-49ED-B8FC-427AD15C4A4A}.Debug|Any CPU.Build.0 = Debug|Any CPU
		{34668313-12BB-49ED-B8FC-427AD15C4A4A}.Release|Any CPU.ActiveCfg = Release|Any CPU
		{34668313-12BB-49ED-B8FC-427AD15C4A4A}.Release|Any CPU.Build.0 = Release|Any CPU
		{C9E33FBD-929B-41D1-8E84-7D2DBFDDD861}.Debug|Any CPU.ActiveCfg = Debug|Any CPU
		{C9E33FBD-929B-41D1-8E84-7D2DBFDDD861}.Debug|Any CPU.Build.0 = Debug|Any CPU
		{C9E33FBD-929B-41D1-8E84-7D2DBFDDD861}.Release|Any CPU.ActiveCfg = Release|Any CPU
		{C9E33FBD-929B-41D1-8E84-7D2DBFDDD861}.Release|Any CPU.Build.0 = Release|Any CPU
		{9CFEFC26-CD94-4ED8-BFB7-51A5F95B6466}.Debug|Any CPU.ActiveCfg = Debug|Any CPU
		{9CFEFC26-CD94-4ED8-BFB7-51A5F95B6466}.Debug|Any CPU.Build.0 = Debug|Any CPU
		{9CFEFC26-CD94-4ED8-BFB7-51A5F95B6466}.Release|Any CPU.ActiveCfg = Release|Any CPU
		{9CFEFC26-CD94-4ED8-BFB7-51A5F95B6466}.Release|Any CPU.Build.0 = Release|Any CPU
		{975AFEDD-A8BF-474B-ACAE-59EB24AE48AB}.Debug|Any CPU.ActiveCfg = Debug|Any CPU
		{975AFEDD-A8BF-474B-ACAE-59EB24AE48AB}.Debug|Any CPU.Build.0 = Debug|Any CPU
		{975AFEDD-A8BF-474B-ACAE-59EB24AE48AB}.Release|Any CPU.ActiveCfg = Release|Any CPU
		{975AFEDD-A8BF-474B-ACAE-59EB24AE48AB}.Release|Any CPU.Build.0 = Release|Any CPU
		{45388F07-2432-4C3F-9ACE-1D3301EEC56D}.Debug|Any CPU.ActiveCfg = Debug|Any CPU
		{45388F07-2432-4C3F-9ACE-1D3301EEC56D}.Debug|Any CPU.Build.0 = Debug|Any CPU
		{45388F07-2432-4C3F-9ACE-1D3301EEC56D}.Release|Any CPU.ActiveCfg = Release|Any CPU
		{45388F07-2432-4C3F-9ACE-1D3301EEC56D}.Release|Any CPU.Build.0 = Release|Any CPU
		{2FCE811E-5898-42C4-B155-531ABDF5CD7B}.Debug|Any CPU.ActiveCfg = Debug|Any CPU
		{2FCE811E-5898-42C4-B155-531ABDF5CD7B}.Debug|Any CPU.Build.0 = Debug|Any CPU
		{2FCE811E-5898-42C4-B155-531ABDF5CD7B}.Release|Any CPU.ActiveCfg = Release|Any CPU
		{2FCE811E-5898-42C4-B155-531ABDF5CD7B}.Release|Any CPU.Build.0 = Release|Any CPU
		{90910880-2BBE-43CD-A833-9DF3CBC9F66C}.Debug|Any CPU.ActiveCfg = Debug|Any CPU
		{90910880-2BBE-43CD-A833-9DF3CBC9F66C}.Debug|Any CPU.Build.0 = Debug|Any CPU
		{90910880-2BBE-43CD-A833-9DF3CBC9F66C}.Release|Any CPU.ActiveCfg = Release|Any CPU
		{90910880-2BBE-43CD-A833-9DF3CBC9F66C}.Release|Any CPU.Build.0 = Release|Any CPU
		{642B17C2-B0DA-45F2-94E8-630818B2C9E5}.Debug|Any CPU.ActiveCfg = Debug|Any CPU
		{642B17C2-B0DA-45F2-94E8-630818B2C9E5}.Debug|Any CPU.Build.0 = Debug|Any CPU
		{642B17C2-B0DA-45F2-94E8-630818B2C9E5}.Release|Any CPU.ActiveCfg = Release|Any CPU
		{642B17C2-B0DA-45F2-94E8-630818B2C9E5}.Release|Any CPU.Build.0 = Release|Any CPU
		{346D914E-4CED-4722-A639-08A1D6C811A3}.Debug|Any CPU.ActiveCfg = Debug|Any CPU
		{346D914E-4CED-4722-A639-08A1D6C811A3}.Debug|Any CPU.Build.0 = Debug|Any CPU
		{346D914E-4CED-4722-A639-08A1D6C811A3}.Release|Any CPU.ActiveCfg = Release|Any CPU
		{346D914E-4CED-4722-A639-08A1D6C811A3}.Release|Any CPU.Build.0 = Release|Any CPU
		{36058FE4-A950-4313-B537-8309329DDC17}.Debug|Any CPU.ActiveCfg = Debug|Any CPU
		{36058FE4-A950-4313-B537-8309329DDC17}.Debug|Any CPU.Build.0 = Debug|Any CPU
		{36058FE4-A950-4313-B537-8309329DDC17}.Release|Any CPU.ActiveCfg = Release|Any CPU
		{36058FE4-A950-4313-B537-8309329DDC17}.Release|Any CPU.Build.0 = Release|Any CPU
		{0AEB8A29-C544-4877-89C9-C904DAE87575}.Debug|Any CPU.ActiveCfg = Debug|Any CPU
		{0AEB8A29-C544-4877-89C9-C904DAE87575}.Debug|Any CPU.Build.0 = Debug|Any CPU
		{0AEB8A29-C544-4877-89C9-C904DAE87575}.Release|Any CPU.ActiveCfg = Release|Any CPU
		{0AEB8A29-C544-4877-89C9-C904DAE87575}.Release|Any CPU.Build.0 = Release|Any CPU
		{ACFAD607-B596-448D-ACAD-8F344FE35CA7}.Debug|Any CPU.ActiveCfg = Debug|Any CPU
		{ACFAD607-B596-448D-ACAD-8F344FE35CA7}.Debug|Any CPU.Build.0 = Debug|Any CPU
		{ACFAD607-B596-448D-ACAD-8F344FE35CA7}.Release|Any CPU.ActiveCfg = Release|Any CPU
		{ACFAD607-B596-448D-ACAD-8F344FE35CA7}.Release|Any CPU.Build.0 = Release|Any CPU
		{CEE1B9FD-71E0-4140-AD3D-B82F7CF0DC02}.Debug|Any CPU.ActiveCfg = Debug|Any CPU
		{CEE1B9FD-71E0-4140-AD3D-B82F7CF0DC02}.Debug|Any CPU.Build.0 = Debug|Any CPU
		{CEE1B9FD-71E0-4140-AD3D-B82F7CF0DC02}.Release|Any CPU.ActiveCfg = Release|Any CPU
		{CEE1B9FD-71E0-4140-AD3D-B82F7CF0DC02}.Release|Any CPU.Build.0 = Release|Any CPU
		{A3408C1F-DCC2-4D72-9565-81D0BB4DA7BF}.Debug|Any CPU.ActiveCfg = Debug|Any CPU
		{A3408C1F-DCC2-4D72-9565-81D0BB4DA7BF}.Debug|Any CPU.Build.0 = Debug|Any CPU
		{A3408C1F-DCC2-4D72-9565-81D0BB4DA7BF}.Release|Any CPU.ActiveCfg = Release|Any CPU
		{A3408C1F-DCC2-4D72-9565-81D0BB4DA7BF}.Release|Any CPU.Build.0 = Release|Any CPU
		{D86CAADD-E884-4045-B948-498B46196829}.Debug|Any CPU.ActiveCfg = Debug|Any CPU
		{D86CAADD-E884-4045-B948-498B46196829}.Debug|Any CPU.Build.0 = Debug|Any CPU
		{D86CAADD-E884-4045-B948-498B46196829}.Release|Any CPU.ActiveCfg = Release|Any CPU
		{D86CAADD-E884-4045-B948-498B46196829}.Release|Any CPU.Build.0 = Release|Any CPU
		{F67A591C-0A9B-4C4A-A814-8FA336A906E1}.Debug|Any CPU.ActiveCfg = Debug|Any CPU
		{F67A591C-0A9B-4C4A-A814-8FA336A906E1}.Debug|Any CPU.Build.0 = Debug|Any CPU
		{F67A591C-0A9B-4C4A-A814-8FA336A906E1}.Release|Any CPU.ActiveCfg = Release|Any CPU
		{F67A591C-0A9B-4C4A-A814-8FA336A906E1}.Release|Any CPU.Build.0 = Release|Any CPU
		{0A610C97-EDF2-441D-8EA2-531C60BC75B2}.Debug|Any CPU.ActiveCfg = Debug|Any CPU
		{0A610C97-EDF2-441D-8EA2-531C60BC75B2}.Debug|Any CPU.Build.0 = Debug|Any CPU
		{0A610C97-EDF2-441D-8EA2-531C60BC75B2}.Release|Any CPU.ActiveCfg = Release|Any CPU
		{0A610C97-EDF2-441D-8EA2-531C60BC75B2}.Release|Any CPU.Build.0 = Release|Any CPU
		{1650000A-AE7D-4967-A3A0-4F7879EB4D1A}.Debug|Any CPU.ActiveCfg = Debug|Any CPU
		{1650000A-AE7D-4967-A3A0-4F7879EB4D1A}.Debug|Any CPU.Build.0 = Debug|Any CPU
		{1650000A-AE7D-4967-A3A0-4F7879EB4D1A}.Release|Any CPU.ActiveCfg = Release|Any CPU
		{1650000A-AE7D-4967-A3A0-4F7879EB4D1A}.Release|Any CPU.Build.0 = Release|Any CPU
		{9F3E1B29-BFA7-47FC-9107-69EF527EB9D0}.Debug|Any CPU.ActiveCfg = Debug|Any CPU
		{9F3E1B29-BFA7-47FC-9107-69EF527EB9D0}.Debug|Any CPU.Build.0 = Debug|Any CPU
		{9F3E1B29-BFA7-47FC-9107-69EF527EB9D0}.Release|Any CPU.ActiveCfg = Release|Any CPU
		{9F3E1B29-BFA7-47FC-9107-69EF527EB9D0}.Release|Any CPU.Build.0 = Release|Any CPU
		{A8839F34-A40B-46E5-A383-AD3FA540CED7}.Debug|Any CPU.ActiveCfg = Debug|Any CPU
		{A8839F34-A40B-46E5-A383-AD3FA540CED7}.Debug|Any CPU.Build.0 = Debug|Any CPU
		{A8839F34-A40B-46E5-A383-AD3FA540CED7}.Release|Any CPU.ActiveCfg = Release|Any CPU
		{A8839F34-A40B-46E5-A383-AD3FA540CED7}.Release|Any CPU.Build.0 = Release|Any CPU
		{EAF568BE-60B2-4CA8-8CDD-A27076753930}.Debug|Any CPU.ActiveCfg = Debug|Any CPU
		{EAF568BE-60B2-4CA8-8CDD-A27076753930}.Debug|Any CPU.Build.0 = Debug|Any CPU
		{EAF568BE-60B2-4CA8-8CDD-A27076753930}.Release|Any CPU.ActiveCfg = Release|Any CPU
		{EAF568BE-60B2-4CA8-8CDD-A27076753930}.Release|Any CPU.Build.0 = Release|Any CPU
		{1E16FBA8-B214-4B40-AB89-3B67D89D7930}.Debug|Any CPU.ActiveCfg = Debug|Any CPU
		{1E16FBA8-B214-4B40-AB89-3B67D89D7930}.Debug|Any CPU.Build.0 = Debug|Any CPU
		{1E16FBA8-B214-4B40-AB89-3B67D89D7930}.Release|Any CPU.ActiveCfg = Release|Any CPU
		{1E16FBA8-B214-4B40-AB89-3B67D89D7930}.Release|Any CPU.Build.0 = Release|Any CPU
		{B97475BC-5845-41F3-846C-7918C68936C3}.Debug|Any CPU.ActiveCfg = Debug|Any CPU
		{B97475BC-5845-41F3-846C-7918C68936C3}.Debug|Any CPU.Build.0 = Debug|Any CPU
		{B97475BC-5845-41F3-846C-7918C68936C3}.Release|Any CPU.ActiveCfg = Release|Any CPU
		{B97475BC-5845-41F3-846C-7918C68936C3}.Release|Any CPU.Build.0 = Release|Any CPU
		{FDEA7AE0-464B-4C05-BC75-7F2AC4813158}.Debug|Any CPU.ActiveCfg = Debug|Any CPU
		{FDEA7AE0-464B-4C05-BC75-7F2AC4813158}.Debug|Any CPU.Build.0 = Debug|Any CPU
		{FDEA7AE0-464B-4C05-BC75-7F2AC4813158}.Release|Any CPU.ActiveCfg = Release|Any CPU
		{FDEA7AE0-464B-4C05-BC75-7F2AC4813158}.Release|Any CPU.Build.0 = Release|Any CPU
	EndGlobalSection
	GlobalSection(SolutionProperties) = preSolution
		HideSolutionNode = FALSE
	EndGlobalSection
	GlobalSection(ExtensibilityGlobals) = postSolution
		SolutionGuid = {6DC38A86-EA38-445C-94CB-94412EB65AB3}
	EndGlobalSection
EndGlobal
